// !$*UTF8*$!
{
	archiveVersion = 1;
	classes = {
	};
	objectVersion = 56;
	objects = {

/* Begin PBXBuildFile section */
		D23E58D629ADC08D00D17EA7 /* AppDelegate.swift in Sources */ = {isa = PBXBuildFile; fileRef = D23E58D529ADC08D00D17EA7 /* AppDelegate.swift */; };
		D23E58D829ADC08D00D17EA7 /* SceneDelegate.swift in Sources */ = {isa = PBXBuildFile; fileRef = D23E58D729ADC08D00D17EA7 /* SceneDelegate.swift */; };
		D23E58DA29ADC08D00D17EA7 /* ViewController.swift in Sources */ = {isa = PBXBuildFile; fileRef = D23E58D929ADC08D00D17EA7 /* ViewController.swift */; };
		D23E58DD29ADC08D00D17EA7 /* Main.storyboard in Resources */ = {isa = PBXBuildFile; fileRef = D23E58DB29ADC08D00D17EA7 /* Main.storyboard */; };
		D23E58E029ADC08D00D17EA7 /* Reverbify.xcdatamodeld in Sources */ = {isa = PBXBuildFile; fileRef = D23E58DE29ADC08D00D17EA7 /* Reverbify.xcdatamodeld */; };
		D23E58E229ADC08F00D17EA7 /* Assets.xcassets in Resources */ = {isa = PBXBuildFile; fileRef = D23E58E129ADC08F00D17EA7 /* Assets.xcassets */; };
		D23E58E529ADC08F00D17EA7 /* LaunchScreen.storyboard in Resources */ = {isa = PBXBuildFile; fileRef = D23E58E329ADC08F00D17EA7 /* LaunchScreen.storyboard */; };
		D23E58F029ADC08F00D17EA7 /* ReverbifyTests.swift in Sources */ = {isa = PBXBuildFile; fileRef = D23E58EF29ADC08F00D17EA7 /* ReverbifyTests.swift */; };
		D23E58FA29ADC08F00D17EA7 /* ReverbifyUITests.swift in Sources */ = {isa = PBXBuildFile; fileRef = D23E58F929ADC08F00D17EA7 /* ReverbifyUITests.swift */; };
		D23E58FC29ADC08F00D17EA7 /* ReverbifyUITestsLaunchTests.swift in Sources */ = {isa = PBXBuildFile; fileRef = D23E58FB29ADC08F00D17EA7 /* ReverbifyUITestsLaunchTests.swift */; };
/* End PBXBuildFile section */

/* Begin PBXContainerItemProxy section */
		D23E58EC29ADC08F00D17EA7 /* PBXContainerItemProxy */ = {
			isa = PBXContainerItemProxy;
			containerPortal = D23E58CA29ADC08D00D17EA7 /* Project object */;
			proxyType = 1;
			remoteGlobalIDString = D23E58D129ADC08D00D17EA7;
			remoteInfo = Reverbify;
		};
		D23E58F629ADC08F00D17EA7 /* PBXContainerItemProxy */ = {
			isa = PBXContainerItemProxy;
			containerPortal = D23E58CA29ADC08D00D17EA7 /* Project object */;
			proxyType = 1;
			remoteGlobalIDString = D23E58D129ADC08D00D17EA7;
			remoteInfo = Reverbify;
		};
/* End PBXContainerItemProxy section */

/* Begin PBXFileReference section */
		D23E58D229ADC08D00D17EA7 /* Reverbify.app */ = {isa = PBXFileReference; explicitFileType = wrapper.application; includeInIndex = 0; path = Reverbify.app; sourceTree = BUILT_PRODUCTS_DIR; };
		D23E58D529ADC08D00D17EA7 /* AppDelegate.swift */ = {isa = PBXFileReference; lastKnownFileType = sourcecode.swift; path = AppDelegate.swift; sourceTree = "<group>"; };
		D23E58D729ADC08D00D17EA7 /* SceneDelegate.swift */ = {isa = PBXFileReference; lastKnownFileType = sourcecode.swift; path = SceneDelegate.swift; sourceTree = "<group>"; };
		D23E58D929ADC08D00D17EA7 /* ViewController.swift */ = {isa = PBXFileReference; lastKnownFileType = sourcecode.swift; path = ViewController.swift; sourceTree = "<group>"; };
		D23E58DC29ADC08D00D17EA7 /* Base */ = {isa = PBXFileReference; lastKnownFileType = file.storyboard; name = Base; path = Base.lproj/Main.storyboard; sourceTree = "<group>"; };
		D23E58DF29ADC08D00D17EA7 /* Reverbify.xcdatamodel */ = {isa = PBXFileReference; lastKnownFileType = wrapper.xcdatamodel; path = Reverbify.xcdatamodel; sourceTree = "<group>"; };
		D23E58E129ADC08F00D17EA7 /* Assets.xcassets */ = {isa = PBXFileReference; lastKnownFileType = folder.assetcatalog; path = Assets.xcassets; sourceTree = "<group>"; };
		D23E58E429ADC08F00D17EA7 /* Base */ = {isa = PBXFileReference; lastKnownFileType = file.storyboard; name = Base; path = Base.lproj/LaunchScreen.storyboard; sourceTree = "<group>"; };
		D23E58E629ADC08F00D17EA7 /* Info.plist */ = {isa = PBXFileReference; lastKnownFileType = text.plist.xml; path = Info.plist; sourceTree = "<group>"; };
		D23E58EB29ADC08F00D17EA7 /* ReverbifyTests.xctest */ = {isa = PBXFileReference; explicitFileType = wrapper.cfbundle; includeInIndex = 0; path = ReverbifyTests.xctest; sourceTree = BUILT_PRODUCTS_DIR; };
		D23E58EF29ADC08F00D17EA7 /* ReverbifyTests.swift */ = {isa = PBXFileReference; lastKnownFileType = sourcecode.swift; path = ReverbifyTests.swift; sourceTree = "<group>"; };
		D23E58F529ADC08F00D17EA7 /* ReverbifyUITests.xctest */ = {isa = PBXFileReference; explicitFileType = wrapper.cfbundle; includeInIndex = 0; path = ReverbifyUITests.xctest; sourceTree = BUILT_PRODUCTS_DIR; };
		D23E58F929ADC08F00D17EA7 /* ReverbifyUITests.swift */ = {isa = PBXFileReference; lastKnownFileType = sourcecode.swift; path = ReverbifyUITests.swift; sourceTree = "<group>"; };
		D23E58FB29ADC08F00D17EA7 /* ReverbifyUITestsLaunchTests.swift */ = {isa = PBXFileReference; lastKnownFileType = sourcecode.swift; path = ReverbifyUITestsLaunchTests.swift; sourceTree = "<group>"; };
/* End PBXFileReference section */

/* Begin PBXFrameworksBuildPhase section */
		D23E58CF29ADC08D00D17EA7 /* Frameworks */ = {
			isa = PBXFrameworksBuildPhase;
			buildActionMask = 2147483647;
			files = (
			);
			runOnlyForDeploymentPostprocessing = 0;
		};
		D23E58E829ADC08F00D17EA7 /* Frameworks */ = {
			isa = PBXFrameworksBuildPhase;
			buildActionMask = 2147483647;
			files = (
			);
			runOnlyForDeploymentPostprocessing = 0;
		};
		D23E58F229ADC08F00D17EA7 /* Frameworks */ = {
			isa = PBXFrameworksBuildPhase;
			buildActionMask = 2147483647;
			files = (
			);
			runOnlyForDeploymentPostprocessing = 0;
		};
/* End PBXFrameworksBuildPhase section */

/* Begin PBXGroup section */
		D23E58C929ADC08D00D17EA7 = {
			isa = PBXGroup;
			children = (
				D23E58D429ADC08D00D17EA7 /* Reverbify */,
				D23E58EE29ADC08F00D17EA7 /* ReverbifyTests */,
				D23E58F829ADC08F00D17EA7 /* ReverbifyUITests */,
				D23E58D329ADC08D00D17EA7 /* Products */,
			);
			sourceTree = "<group>";
		};
		D23E58D329ADC08D00D17EA7 /* Products */ = {
			isa = PBXGroup;
			children = (
				D23E58D229ADC08D00D17EA7 /* Reverbify.app */,
				D23E58EB29ADC08F00D17EA7 /* ReverbifyTests.xctest */,
				D23E58F529ADC08F00D17EA7 /* ReverbifyUITests.xctest */,
			);
			name = Products;
			sourceTree = "<group>";
		};
		D23E58D429ADC08D00D17EA7 /* Reverbify */ = {
			isa = PBXGroup;
			children = (
				D23E58D529ADC08D00D17EA7 /* AppDelegate.swift */,
				D23E58D729ADC08D00D17EA7 /* SceneDelegate.swift */,
				D23E58D929ADC08D00D17EA7 /* ViewController.swift */,
				D23E58DB29ADC08D00D17EA7 /* Main.storyboard */,
				D23E58E129ADC08F00D17EA7 /* Assets.xcassets */,
				D23E58E329ADC08F00D17EA7 /* LaunchScreen.storyboard */,
				D23E58E629ADC08F00D17EA7 /* Info.plist */,
				D23E58DE29ADC08D00D17EA7 /* Reverbify.xcdatamodeld */,
			);
			path = Reverbify;
			sourceTree = "<group>";
		};
		D23E58EE29ADC08F00D17EA7 /* ReverbifyTests */ = {
			isa = PBXGroup;
			children = (
				D23E58EF29ADC08F00D17EA7 /* ReverbifyTests.swift */,
			);
			path = ReverbifyTests;
			sourceTree = "<group>";
		};
		D23E58F829ADC08F00D17EA7 /* ReverbifyUITests */ = {
			isa = PBXGroup;
			children = (
				D23E58F929ADC08F00D17EA7 /* ReverbifyUITests.swift */,
				D23E58FB29ADC08F00D17EA7 /* ReverbifyUITestsLaunchTests.swift */,
			);
			path = ReverbifyUITests;
			sourceTree = "<group>";
		};
/* End PBXGroup section */

/* Begin PBXNativeTarget section */
		D23E58D129ADC08D00D17EA7 /* Reverbify */ = {
			isa = PBXNativeTarget;
			buildConfigurationList = D23E58FF29ADC08F00D17EA7 /* Build configuration list for PBXNativeTarget "Reverbify" */;
			buildPhases = (
				D23E58CE29ADC08D00D17EA7 /* Sources */,
				D23E58CF29ADC08D00D17EA7 /* Frameworks */,
				D23E58D029ADC08D00D17EA7 /* Resources */,
			);
			buildRules = (
			);
			dependencies = (
			);
			name = Reverbify;
			productName = Reverbify;
			productReference = D23E58D229ADC08D00D17EA7 /* Reverbify.app */;
			productType = "com.apple.product-type.application";
		};
		D23E58EA29ADC08F00D17EA7 /* ReverbifyTests */ = {
			isa = PBXNativeTarget;
			buildConfigurationList = D23E590229ADC08F00D17EA7 /* Build configuration list for PBXNativeTarget "ReverbifyTests" */;
			buildPhases = (
				D23E58E729ADC08F00D17EA7 /* Sources */,
				D23E58E829ADC08F00D17EA7 /* Frameworks */,
				D23E58E929ADC08F00D17EA7 /* Resources */,
			);
			buildRules = (
			);
			dependencies = (
				D23E58ED29ADC08F00D17EA7 /* PBXTargetDependency */,
			);
			name = ReverbifyTests;
			productName = ReverbifyTests;
			productReference = D23E58EB29ADC08F00D17EA7 /* ReverbifyTests.xctest */;
			productType = "com.apple.product-type.bundle.unit-test";
		};
		D23E58F429ADC08F00D17EA7 /* ReverbifyUITests */ = {
			isa = PBXNativeTarget;
			buildConfigurationList = D23E590529ADC08F00D17EA7 /* Build configuration list for PBXNativeTarget "ReverbifyUITests" */;
			buildPhases = (
				D23E58F129ADC08F00D17EA7 /* Sources */,
				D23E58F229ADC08F00D17EA7 /* Frameworks */,
				D23E58F329ADC08F00D17EA7 /* Resources */,
			);
			buildRules = (
			);
			dependencies = (
				D23E58F729ADC08F00D17EA7 /* PBXTargetDependency */,
			);
			name = ReverbifyUITests;
			productName = ReverbifyUITests;
			productReference = D23E58F529ADC08F00D17EA7 /* ReverbifyUITests.xctest */;
			productType = "com.apple.product-type.bundle.ui-testing";
		};
/* End PBXNativeTarget section */

/* Begin PBXProject section */
		D23E58CA29ADC08D00D17EA7 /* Project object */ = {
			isa = PBXProject;
			attributes = {
				BuildIndependentTargetsInParallel = 1;
				LastSwiftUpdateCheck = 1420;
				LastUpgradeCheck = 1420;
				TargetAttributes = {
					D23E58D129ADC08D00D17EA7 = {
						CreatedOnToolsVersion = 14.2;
					};
					D23E58EA29ADC08F00D17EA7 = {
						CreatedOnToolsVersion = 14.2;
						TestTargetID = D23E58D129ADC08D00D17EA7;
					};
					D23E58F429ADC08F00D17EA7 = {
						CreatedOnToolsVersion = 14.2;
						TestTargetID = D23E58D129ADC08D00D17EA7;
					};
				};
			};
			buildConfigurationList = D23E58CD29ADC08D00D17EA7 /* Build configuration list for PBXProject "Reverbify" */;
			compatibilityVersion = "Xcode 14.0";
			developmentRegion = en;
			hasScannedForEncodings = 0;
			knownRegions = (
				en,
				Base,
			);
			mainGroup = D23E58C929ADC08D00D17EA7;
			productRefGroup = D23E58D329ADC08D00D17EA7 /* Products */;
			projectDirPath = "";
			projectRoot = "";
			targets = (
				D23E58D129ADC08D00D17EA7 /* Reverbify */,
				D23E58EA29ADC08F00D17EA7 /* ReverbifyTests */,
				D23E58F429ADC08F00D17EA7 /* ReverbifyUITests */,
			);
		};
/* End PBXProject section */

/* Begin PBXResourcesBuildPhase section */
		D23E58D029ADC08D00D17EA7 /* Resources */ = {
			isa = PBXResourcesBuildPhase;
			buildActionMask = 2147483647;
			files = (
				D23E58E529ADC08F00D17EA7 /* LaunchScreen.storyboard in Resources */,
				D23E58E229ADC08F00D17EA7 /* Assets.xcassets in Resources */,
				D23E58DD29ADC08D00D17EA7 /* Main.storyboard in Resources */,
			);
			runOnlyForDeploymentPostprocessing = 0;
		};
		D23E58E929ADC08F00D17EA7 /* Resources */ = {
			isa = PBXResourcesBuildPhase;
			buildActionMask = 2147483647;
			files = (
			);
			runOnlyForDeploymentPostprocessing = 0;
		};
		D23E58F329ADC08F00D17EA7 /* Resources */ = {
			isa = PBXResourcesBuildPhase;
			buildActionMask = 2147483647;
			files = (
			);
			runOnlyForDeploymentPostprocessing = 0;
		};
/* End PBXResourcesBuildPhase section */

/* Begin PBXSourcesBuildPhase section */
		D23E58CE29ADC08D00D17EA7 /* Sources */ = {
			isa = PBXSourcesBuildPhase;
			buildActionMask = 2147483647;
			files = (
				D23E58E029ADC08D00D17EA7 /* Reverbify.xcdatamodeld in Sources */,
				D23E58DA29ADC08D00D17EA7 /* ViewController.swift in Sources */,
				D23E58D629ADC08D00D17EA7 /* AppDelegate.swift in Sources */,
				D23E58D829ADC08D00D17EA7 /* SceneDelegate.swift in Sources */,
			);
			runOnlyForDeploymentPostprocessing = 0;
		};
		D23E58E729ADC08F00D17EA7 /* Sources */ = {
			isa = PBXSourcesBuildPhase;
			buildActionMask = 2147483647;
			files = (
				D23E58F029ADC08F00D17EA7 /* ReverbifyTests.swift in Sources */,
			);
			runOnlyForDeploymentPostprocessing = 0;
		};
		D23E58F129ADC08F00D17EA7 /* Sources */ = {
			isa = PBXSourcesBuildPhase;
			buildActionMask = 2147483647;
			files = (
				D23E58FA29ADC08F00D17EA7 /* ReverbifyUITests.swift in Sources */,
				D23E58FC29ADC08F00D17EA7 /* ReverbifyUITestsLaunchTests.swift in Sources */,
			);
			runOnlyForDeploymentPostprocessing = 0;
		};
/* End PBXSourcesBuildPhase section */

/* Begin PBXTargetDependency section */
		D23E58ED29ADC08F00D17EA7 /* PBXTargetDependency */ = {
			isa = PBXTargetDependency;
			target = D23E58D129ADC08D00D17EA7 /* Reverbify */;
			targetProxy = D23E58EC29ADC08F00D17EA7 /* PBXContainerItemProxy */;
		};
		D23E58F729ADC08F00D17EA7 /* PBXTargetDependency */ = {
			isa = PBXTargetDependency;
			target = D23E58D129ADC08D00D17EA7 /* Reverbify */;
			targetProxy = D23E58F629ADC08F00D17EA7 /* PBXContainerItemProxy */;
		};
/* End PBXTargetDependency section */

/* Begin PBXVariantGroup section */
		D23E58DB29ADC08D00D17EA7 /* Main.storyboard */ = {
			isa = PBXVariantGroup;
			children = (
				D23E58DC29ADC08D00D17EA7 /* Base */,
			);
			name = Main.storyboard;
			sourceTree = "<group>";
		};
		D23E58E329ADC08F00D17EA7 /* LaunchScreen.storyboard */ = {
			isa = PBXVariantGroup;
			children = (
				D23E58E429ADC08F00D17EA7 /* Base */,
			);
			name = LaunchScreen.storyboard;
			sourceTree = "<group>";
		};
/* End PBXVariantGroup section */

/* Begin XCBuildConfiguration section */
		D23E58FD29ADC08F00D17EA7 /* Debug */ = {
			isa = XCBuildConfiguration;
			buildSettings = {
				ALWAYS_SEARCH_USER_PATHS = NO;
				CLANG_ANALYZER_NONNULL = YES;
				CLANG_ANALYZER_NUMBER_OBJECT_CONVERSION = YES_AGGRESSIVE;
				CLANG_CXX_LANGUAGE_STANDARD = "gnu++20";
				CLANG_ENABLE_MODULES = YES;
				CLANG_ENABLE_OBJC_ARC = YES;
				CLANG_ENABLE_OBJC_WEAK = YES;
				CLANG_WARN_BLOCK_CAPTURE_AUTORELEASING = YES;
				CLANG_WARN_BOOL_CONVERSION = YES;
				CLANG_WARN_COMMA = YES;
				CLANG_WARN_CONSTANT_CONVERSION = YES;
				CLANG_WARN_DEPRECATED_OBJC_IMPLEMENTATIONS = YES;
				CLANG_WARN_DIRECT_OBJC_ISA_USAGE = YES_ERROR;
				CLANG_WARN_DOCUMENTATION_COMMENTS = YES;
				CLANG_WARN_EMPTY_BODY = YES;
				CLANG_WARN_ENUM_CONVERSION = YES;
				CLANG_WARN_INFINITE_RECURSION = YES;
				CLANG_WARN_INT_CONVERSION = YES;
				CLANG_WARN_NON_LITERAL_NULL_CONVERSION = YES;
				CLANG_WARN_OBJC_IMPLICIT_RETAIN_SELF = YES;
				CLANG_WARN_OBJC_LITERAL_CONVERSION = YES;
				CLANG_WARN_OBJC_ROOT_CLASS = YES_ERROR;
				CLANG_WARN_QUOTED_INCLUDE_IN_FRAMEWORK_HEADER = YES;
				CLANG_WARN_RANGE_LOOP_ANALYSIS = YES;
				CLANG_WARN_STRICT_PROTOTYPES = YES;
				CLANG_WARN_SUSPICIOUS_MOVE = YES;
				CLANG_WARN_UNGUARDED_AVAILABILITY = YES_AGGRESSIVE;
				CLANG_WARN_UNREACHABLE_CODE = YES;
				CLANG_WARN__DUPLICATE_METHOD_MATCH = YES;
				COPY_PHASE_STRIP = NO;
				DEBUG_INFORMATION_FORMAT = dwarf;
				ENABLE_STRICT_OBJC_MSGSEND = YES;
				ENABLE_TESTABILITY = YES;
				GCC_C_LANGUAGE_STANDARD = gnu11;
				GCC_DYNAMIC_NO_PIC = NO;
				GCC_NO_COMMON_BLOCKS = YES;
				GCC_OPTIMIZATION_LEVEL = 0;
				GCC_PREPROCESSOR_DEFINITIONS = (
					"DEBUG=1",
					"$(inherited)",
				);
				GCC_WARN_64_TO_32_BIT_CONVERSION = YES;
				GCC_WARN_ABOUT_RETURN_TYPE = YES_ERROR;
				GCC_WARN_UNDECLARED_SELECTOR = YES;
				GCC_WARN_UNINITIALIZED_AUTOS = YES_AGGRESSIVE;
				GCC_WARN_UNUSED_FUNCTION = YES;
				GCC_WARN_UNUSED_VARIABLE = YES;
				IPHONEOS_DEPLOYMENT_TARGET = 16.2;
				MTL_ENABLE_DEBUG_INFO = INCLUDE_SOURCE;
				MTL_FAST_MATH = YES;
				ONLY_ACTIVE_ARCH = YES;
				SDKROOT = iphoneos;
				SWIFT_ACTIVE_COMPILATION_CONDITIONS = DEBUG;
				SWIFT_OPTIMIZATION_LEVEL = "-Onone";
			};
			name = Debug;
		};
		D23E58FE29ADC08F00D17EA7 /* Release */ = {
			isa = XCBuildConfiguration;
			buildSettings = {
				ALWAYS_SEARCH_USER_PATHS = NO;
				CLANG_ANALYZER_NONNULL = YES;
				CLANG_ANALYZER_NUMBER_OBJECT_CONVERSION = YES_AGGRESSIVE;
				CLANG_CXX_LANGUAGE_STANDARD = "gnu++20";
				CLANG_ENABLE_MODULES = YES;
				CLANG_ENABLE_OBJC_ARC = YES;
				CLANG_ENABLE_OBJC_WEAK = YES;
				CLANG_WARN_BLOCK_CAPTURE_AUTORELEASING = YES;
				CLANG_WARN_BOOL_CONVERSION = YES;
				CLANG_WARN_COMMA = YES;
				CLANG_WARN_CONSTANT_CONVERSION = YES;
				CLANG_WARN_DEPRECATED_OBJC_IMPLEMENTATIONS = YES;
				CLANG_WARN_DIRECT_OBJC_ISA_USAGE = YES_ERROR;
				CLANG_WARN_DOCUMENTATION_COMMENTS = YES;
				CLANG_WARN_EMPTY_BODY = YES;
				CLANG_WARN_ENUM_CONVERSION = YES;
				CLANG_WARN_INFINITE_RECURSION = YES;
				CLANG_WARN_INT_CONVERSION = YES;
				CLANG_WARN_NON_LITERAL_NULL_CONVERSION = YES;
				CLANG_WARN_OBJC_IMPLICIT_RETAIN_SELF = YES;
				CLANG_WARN_OBJC_LITERAL_CONVERSION = YES;
				CLANG_WARN_OBJC_ROOT_CLASS = YES_ERROR;
				CLANG_WARN_QUOTED_INCLUDE_IN_FRAMEWORK_HEADER = YES;
				CLANG_WARN_RANGE_LOOP_ANALYSIS = YES;
				CLANG_WARN_STRICT_PROTOTYPES = YES;
				CLANG_WARN_SUSPICIOUS_MOVE = YES;
				CLANG_WARN_UNGUARDED_AVAILABILITY = YES_AGGRESSIVE;
				CLANG_WARN_UNREACHABLE_CODE = YES;
				CLANG_WARN__DUPLICATE_METHOD_MATCH = YES;
				COPY_PHASE_STRIP = NO;
				DEBUG_INFORMATION_FORMAT = "dwarf-with-dsym";
				ENABLE_NS_ASSERTIONS = NO;
				ENABLE_STRICT_OBJC_MSGSEND = YES;
				GCC_C_LANGUAGE_STANDARD = gnu11;
				GCC_NO_COMMON_BLOCKS = YES;
				GCC_WARN_64_TO_32_BIT_CONVERSION = YES;
				GCC_WARN_ABOUT_RETURN_TYPE = YES_ERROR;
				GCC_WARN_UNDECLARED_SELECTOR = YES;
				GCC_WARN_UNINITIALIZED_AUTOS = YES_AGGRESSIVE;
				GCC_WARN_UNUSED_FUNCTION = YES;
				GCC_WARN_UNUSED_VARIABLE = YES;
				IPHONEOS_DEPLOYMENT_TARGET = 16.2;
				MTL_ENABLE_DEBUG_INFO = NO;
				MTL_FAST_MATH = YES;
				SDKROOT = iphoneos;
				SWIFT_COMPILATION_MODE = wholemodule;
				SWIFT_OPTIMIZATION_LEVEL = "-O";
				VALIDATE_PRODUCT = YES;
			};
			name = Release;
		};
		D23E590029ADC08F00D17EA7 /* Debug */ = {
			isa = XCBuildConfiguration;
			buildSettings = {
				ASSETCATALOG_COMPILER_APPICON_NAME = AppIcon;
				ASSETCATALOG_COMPILER_GLOBAL_ACCENT_COLOR_NAME = AccentColor;
				CODE_SIGN_STYLE = Automatic;
				CURRENT_PROJECT_VERSION = 1;
				DEVELOPMENT_TEAM = 8SXGRXKG4G;
				GENERATE_INFOPLIST_FILE = YES;
				INFOPLIST_FILE = Reverbify/Info.plist;
				INFOPLIST_KEY_UIApplicationSupportsIndirectInputEvents = YES;
				INFOPLIST_KEY_UILaunchStoryboardName = LaunchScreen;
				INFOPLIST_KEY_UIMainStoryboardFile = Main;
				INFOPLIST_KEY_UISupportedInterfaceOrientations_iPad = "UIInterfaceOrientationPortrait UIInterfaceOrientationPortraitUpsideDown UIInterfaceOrientationLandscapeLeft UIInterfaceOrientationLandscapeRight";
				INFOPLIST_KEY_UISupportedInterfaceOrientations_iPhone = "UIInterfaceOrientationPortrait UIInterfaceOrientationLandscapeLeft UIInterfaceOrientationLandscapeRight";
				LD_RUNPATH_SEARCH_PATHS = (
					"$(inherited)",
					"@executable_path/Frameworks",
				);
				MARKETING_VERSION = 1.0;
				PRODUCT_BUNDLE_IDENTIFIER = utcs.Reverbify;
				PRODUCT_NAME = "$(TARGET_NAME)";
				SWIFT_EMIT_LOC_STRINGS = YES;
				SWIFT_VERSION = 5.0;
				TARGETED_DEVICE_FAMILY = "1,2";
			};
			name = Debug;
		};
		D23E590129ADC08F00D17EA7 /* Release */ = {
			isa = XCBuildConfiguration;
			buildSettings = {
				ASSETCATALOG_COMPILER_APPICON_NAME = AppIcon;
				ASSETCATALOG_COMPILER_GLOBAL_ACCENT_COLOR_NAME = AccentColor;
				CODE_SIGN_STYLE = Automatic;
				CURRENT_PROJECT_VERSION = 1;
				DEVELOPMENT_TEAM = 8SXGRXKG4G;
				GENERATE_INFOPLIST_FILE = YES;
				INFOPLIST_FILE = Reverbify/Info.plist;
				INFOPLIST_KEY_UIApplicationSupportsIndirectInputEvents = YES;
				INFOPLIST_KEY_UILaunchStoryboardName = LaunchScreen;
				INFOPLIST_KEY_UIMainStoryboardFile = Main;
				INFOPLIST_KEY_UISupportedInterfaceOrientations_iPad = "UIInterfaceOrientationPortrait UIInterfaceOrientationPortraitUpsideDown UIInterfaceOrientationLandscapeLeft UIInterfaceOrientationLandscapeRight";
				INFOPLIST_KEY_UISupportedInterfaceOrientations_iPhone = "UIInterfaceOrientationPortrait UIInterfaceOrientationLandscapeLeft UIInterfaceOrientationLandscapeRight";
				LD_RUNPATH_SEARCH_PATHS = (
					"$(inherited)",
					"@executable_path/Frameworks",
				);
				MARKETING_VERSION = 1.0;
				PRODUCT_BUNDLE_IDENTIFIER = utcs.Reverbify;
				PRODUCT_NAME = "$(TARGET_NAME)";
				SWIFT_EMIT_LOC_STRINGS = YES;
				SWIFT_VERSION = 5.0;
				TARGETED_DEVICE_FAMILY = "1,2";
			};
			name = Release;
		};
		D23E590329ADC08F00D17EA7 /* Debug */ = {
			isa = XCBuildConfiguration;
			buildSettings = {
				ALWAYS_EMBED_SWIFT_STANDARD_LIBRARIES = YES;
				BUNDLE_LOADER = "$(TEST_HOST)";
				CODE_SIGN_STYLE = Automatic;
				CURRENT_PROJECT_VERSION = 1;
				DEVELOPMENT_TEAM = 8SXGRXKG4G;
				GENERATE_INFOPLIST_FILE = YES;
				IPHONEOS_DEPLOYMENT_TARGET = 16.2;
				MARKETING_VERSION = 1.0;
				PRODUCT_BUNDLE_IDENTIFIER = utcs.ReverbifyTests;
				PRODUCT_NAME = "$(TARGET_NAME)";
				SWIFT_EMIT_LOC_STRINGS = NO;
				SWIFT_VERSION = 5.0;
				TARGETED_DEVICE_FAMILY = "1,2";
				TEST_HOST = "$(BUILT_PRODUCTS_DIR)/Reverbify.app/$(BUNDLE_EXECUTABLE_FOLDER_PATH)/Reverbify";
			};
			name = Debug;
		};
		D23E590429ADC08F00D17EA7 /* Release */ = {
			isa = XCBuildConfiguration;
			buildSettings = {
				ALWAYS_EMBED_SWIFT_STANDARD_LIBRARIES = YES;
				BUNDLE_LOADER = "$(TEST_HOST)";
				CODE_SIGN_STYLE = Automatic;
				CURRENT_PROJECT_VERSION = 1;
				DEVELOPMENT_TEAM = 8SXGRXKG4G;
				GENERATE_INFOPLIST_FILE = YES;
				IPHONEOS_DEPLOYMENT_TARGET = 16.2;
				MARKETING_VERSION = 1.0;
				PRODUCT_BUNDLE_IDENTIFIER = utcs.ReverbifyTests;
				PRODUCT_NAME = "$(TARGET_NAME)";
				SWIFT_EMIT_LOC_STRINGS = NO;
				SWIFT_VERSION = 5.0;
				TARGETED_DEVICE_FAMILY = "1,2";
				TEST_HOST = "$(BUILT_PRODUCTS_DIR)/Reverbify.app/$(BUNDLE_EXECUTABLE_FOLDER_PATH)/Reverbify";
			};
			name = Release;
		};
		D23E590629ADC08F00D17EA7 /* Debug */ = {
			isa = XCBuildConfiguration;
			buildSettings = {
				ALWAYS_EMBED_SWIFT_STANDARD_LIBRARIES = YES;
				CODE_SIGN_STYLE = Automatic;
				CURRENT_PROJECT_VERSION = 1;
				DEVELOPMENT_TEAM = 8SXGRXKG4G;
				GENERATE_INFOPLIST_FILE = YES;
				MARKETING_VERSION = 1.0;
				PRODUCT_BUNDLE_IDENTIFIER = utcs.ReverbifyUITests;
				PRODUCT_NAME = "$(TARGET_NAME)";
				SWIFT_EMIT_LOC_STRINGS = NO;
				SWIFT_VERSION = 5.0;
				TARGETED_DEVICE_FAMILY = "1,2";
				TEST_TARGET_NAME = Reverbify;
			};
			name = Debug;
		};
		D23E590729ADC08F00D17EA7 /* Release */ = {
			isa = XCBuildConfiguration;
			buildSettings = {
				ALWAYS_EMBED_SWIFT_STANDARD_LIBRARIES = YES;
				CODE_SIGN_STYLE = Automatic;
				CURRENT_PROJECT_VERSION = 1;
				DEVELOPMENT_TEAM = 8SXGRXKG4G;
				GENERATE_INFOPLIST_FILE = YES;
				MARKETING_VERSION = 1.0;
				PRODUCT_BUNDLE_IDENTIFIER = utcs.ReverbifyUITests;
				PRODUCT_NAME = "$(TARGET_NAME)";
				SWIFT_EMIT_LOC_STRINGS = NO;
				SWIFT_VERSION = 5.0;
				TARGETED_DEVICE_FAMILY = "1,2";
				TEST_TARGET_NAME = Reverbify;
			};
			name = Release;
		};
/* End XCBuildConfiguration section */

/* Begin XCConfigurationList section */
		D23E58CD29ADC08D00D17EA7 /* Build configuration list for PBXProject "Reverbify" */ = {
			isa = XCConfigurationList;
			buildConfigurations = (
				D23E58FD29ADC08F00D17EA7 /* Debug */,
				D23E58FE29ADC08F00D17EA7 /* Release */,
			);
			defaultConfigurationIsVisible = 0;
			defaultConfigurationName = Release;
		};
		D23E58FF29ADC08F00D17EA7 /* Build configuration list for PBXNativeTarget "Reverbify" */ = {
			isa = XCConfigurationList;
			buildConfigurations = (
				D23E590029ADC08F00D17EA7 /* Debug */,
				D23E590129ADC08F00D17EA7 /* Release */,
			);
			defaultConfigurationIsVisible = 0;
			defaultConfigurationName = Release;
		};
		D23E590229ADC08F00D17EA7 /* Build configuration list for PBXNativeTarget "ReverbifyTests" */ = {
			isa = XCConfigurationList;
			buildConfigurations = (
				D23E590329ADC08F00D17EA7 /* Debug */,
				D23E590429ADC08F00D17EA7 /* Release */,
			);
			defaultConfigurationIsVisible = 0;
			defaultConfigurationName = Release;
		};
		D23E590529ADC08F00D17EA7 /* Build configuration list for PBXNativeTarget "ReverbifyUITests" */ = {
			isa = XCConfigurationList;
			buildConfigurations = (
				D23E590629ADC08F00D17EA7 /* Debug */,
				D23E590729ADC08F00D17EA7 /* Release */,
			);
			defaultConfigurationIsVisible = 0;
			defaultConfigurationName = Release;
		};
/* End XCConfigurationList section */

/* Begin XCVersionGroup section */
		D23E58DE29ADC08D00D17EA7 /* Reverbify.xcdatamodeld */ = {
			isa = XCVersionGroup;
			children = (
				D23E58DF29ADC08D00D17EA7 /* Reverbify.xcdatamodel */,
			);
			currentVersion = D23E58DF29ADC08D00D17EA7 /* Reverbify.xcdatamodel */;
			path = Reverbify.xcdatamodeld;
			sourceTree = "<group>";
			versionGroupType = wrapper.xcdatamodel;
		};
/* End XCVersionGroup section */
	};
	rootObject = D23E58CA29ADC08D00D17EA7 /* Project object */;
}
