// !$*UTF8*$!
{
	archiveVersion = 1;
	classes = {
	};
	objectVersion = 56;
	objects = {

/* Begin PBXBuildFile section */
		1914B58629B82446002D08B4 /* ItemCell.swift in Sources */ = {isa = PBXBuildFile; fileRef = 1914B58429B82446002D08B4 /* ItemCell.swift */; };
		1914B58729B82446002D08B4 /* ItemCell.xib in Resources */ = {isa = PBXBuildFile; fileRef = 1914B58529B82446002D08B4 /* ItemCell.xib */; };
		1944893429B6BC2700F9D215 /* HomePageViewController.swift in Sources */ = {isa = PBXBuildFile; fileRef = 1944893329B6BC2700F9D215 /* HomePageViewController.swift */; };
		19AAF87B29D0D49200BDAB02 /* MyCollectionViewCell.swift in Sources */ = {isa = PBXBuildFile; fileRef = 19AAF87A29D0D49200BDAB02 /* MyCollectionViewCell.swift */; };
		19AAF87D29D0D55200BDAB02 /* MyTableViewCell.swift in Sources */ = {isa = PBXBuildFile; fileRef = 19AAF87C29D0D55200BDAB02 /* MyTableViewCell.swift */; };
		19AAF87F29D0D5F000BDAB02 /* SongData.swift in Sources */ = {isa = PBXBuildFile; fileRef = 19AAF87E29D0D5F000BDAB02 /* SongData.swift */; };
		3516876D29EDC61700245400 /* AddPlaylistViewController.swift in Sources */ = {isa = PBXBuildFile; fileRef = 3516876C29EDC61700245400 /* AddPlaylistViewController.swift */; };
		3586787029EDF1AC00F74610 /* AddSongToPlaylistViewController.swift in Sources */ = {isa = PBXBuildFile; fileRef = 3586786F29EDF1AC00F74610 /* AddSongToPlaylistViewController.swift */; };
		35BC817429D15E150046C0EC /* PlaylistViewController.swift in Sources */ = {isa = PBXBuildFile; fileRef = 35BC817329D15E150046C0EC /* PlaylistViewController.swift */; };
		C92E55AD29B105290032428B /* FirebaseAnalytics in Frameworks */ = {isa = PBXBuildFile; productRef = C92E55AC29B105290032428B /* FirebaseAnalytics */; };
		C92E55AF29B105290032428B /* FirebaseAnalyticsOnDeviceConversion in Frameworks */ = {isa = PBXBuildFile; productRef = C92E55AE29B105290032428B /* FirebaseAnalyticsOnDeviceConversion */; };
		C92E55B129B105290032428B /* FirebaseAnalyticsSwift in Frameworks */ = {isa = PBXBuildFile; productRef = C92E55B029B105290032428B /* FirebaseAnalyticsSwift */; };
		C92E55B329B105290032428B /* FirebaseAnalyticsWithoutAdIdSupport in Frameworks */ = {isa = PBXBuildFile; productRef = C92E55B229B105290032428B /* FirebaseAnalyticsWithoutAdIdSupport */; };
		C92E55B529B105290032428B /* FirebaseAppCheck in Frameworks */ = {isa = PBXBuildFile; productRef = C92E55B429B105290032428B /* FirebaseAppCheck */; };
		C92E55B729B105290032428B /* FirebaseAppDistribution-Beta in Frameworks */ = {isa = PBXBuildFile; productRef = C92E55B629B105290032428B /* FirebaseAppDistribution-Beta */; };
		C92E55B929B105290032428B /* FirebaseAuth in Frameworks */ = {isa = PBXBuildFile; productRef = C92E55B829B105290032428B /* FirebaseAuth */; };
		C92E55BB29B105290032428B /* FirebaseAuthCombine-Community in Frameworks */ = {isa = PBXBuildFile; productRef = C92E55BA29B105290032428B /* FirebaseAuthCombine-Community */; };
		C92E55BD29B105290032428B /* FirebaseCrashlytics in Frameworks */ = {isa = PBXBuildFile; productRef = C92E55BC29B105290032428B /* FirebaseCrashlytics */; };
		C92E55BF29B105290032428B /* FirebaseDatabase in Frameworks */ = {isa = PBXBuildFile; productRef = C92E55BE29B105290032428B /* FirebaseDatabase */; };
		C92E55C129B105290032428B /* FirebaseDatabaseSwift in Frameworks */ = {isa = PBXBuildFile; productRef = C92E55C029B105290032428B /* FirebaseDatabaseSwift */; };
		C92E55C329B105290032428B /* FirebaseDynamicLinks in Frameworks */ = {isa = PBXBuildFile; productRef = C92E55C229B105290032428B /* FirebaseDynamicLinks */; };
		C92E55C529B105290032428B /* FirebaseFirestore in Frameworks */ = {isa = PBXBuildFile; productRef = C92E55C429B105290032428B /* FirebaseFirestore */; };
		C92E55C729B105290032428B /* FirebaseFirestoreCombine-Community in Frameworks */ = {isa = PBXBuildFile; productRef = C92E55C629B105290032428B /* FirebaseFirestoreCombine-Community */; };
		C92E55C929B105290032428B /* FirebaseFirestoreSwift in Frameworks */ = {isa = PBXBuildFile; productRef = C92E55C829B105290032428B /* FirebaseFirestoreSwift */; };
		C92E55CB29B105290032428B /* FirebaseFunctions in Frameworks */ = {isa = PBXBuildFile; productRef = C92E55CA29B105290032428B /* FirebaseFunctions */; };
		C92E55CD29B105290032428B /* FirebaseFunctionsCombine-Community in Frameworks */ = {isa = PBXBuildFile; productRef = C92E55CC29B105290032428B /* FirebaseFunctionsCombine-Community */; };
		C92E55CF29B105290032428B /* FirebaseInAppMessaging-Beta in Frameworks */ = {isa = PBXBuildFile; productRef = C92E55CE29B105290032428B /* FirebaseInAppMessaging-Beta */; };
		C92E55D129B105290032428B /* FirebaseInAppMessagingSwift-Beta in Frameworks */ = {isa = PBXBuildFile; productRef = C92E55D029B105290032428B /* FirebaseInAppMessagingSwift-Beta */; };
		C92E55D329B105290032428B /* FirebaseInstallations in Frameworks */ = {isa = PBXBuildFile; productRef = C92E55D229B105290032428B /* FirebaseInstallations */; };
		C92E55D529B105290032428B /* FirebaseMLModelDownloader in Frameworks */ = {isa = PBXBuildFile; productRef = C92E55D429B105290032428B /* FirebaseMLModelDownloader */; };
		C92E55D729B105290032428B /* FirebaseMessaging in Frameworks */ = {isa = PBXBuildFile; productRef = C92E55D629B105290032428B /* FirebaseMessaging */; };
		C92E55D929B105290032428B /* FirebasePerformance in Frameworks */ = {isa = PBXBuildFile; productRef = C92E55D829B105290032428B /* FirebasePerformance */; };
		C92E55DB29B105290032428B /* FirebaseRemoteConfig in Frameworks */ = {isa = PBXBuildFile; productRef = C92E55DA29B105290032428B /* FirebaseRemoteConfig */; };
		C92E55DD29B105290032428B /* FirebaseRemoteConfigSwift in Frameworks */ = {isa = PBXBuildFile; productRef = C92E55DC29B105290032428B /* FirebaseRemoteConfigSwift */; };
		C92E55DF29B105290032428B /* FirebaseStorage in Frameworks */ = {isa = PBXBuildFile; productRef = C92E55DE29B105290032428B /* FirebaseStorage */; };
		C92E55E129B105290032428B /* FirebaseStorageCombine-Community in Frameworks */ = {isa = PBXBuildFile; productRef = C92E55E029B105290032428B /* FirebaseStorageCombine-Community */; };
		C92E55E329B107E10032428B /* GoogleService-Info.plist in Resources */ = {isa = PBXBuildFile; fileRef = C92E55E229B107E10032428B /* GoogleService-Info.plist */; };
		C92E55E429B107E10032428B /* GoogleService-Info.plist in Resources */ = {isa = PBXBuildFile; fileRef = C92E55E229B107E10032428B /* GoogleService-Info.plist */; };
		C92E55E529B107E10032428B /* GoogleService-Info.plist in Resources */ = {isa = PBXBuildFile; fileRef = C92E55E229B107E10032428B /* GoogleService-Info.plist */; };
		C92E55EF29B137230032428B /* GothicA1-SemiBold.ttf in Resources */ = {isa = PBXBuildFile; fileRef = C92E55E629B137220032428B /* GothicA1-SemiBold.ttf */; };
		C92E55F029B137230032428B /* GothicA1-SemiBold.ttf in Resources */ = {isa = PBXBuildFile; fileRef = C92E55E629B137220032428B /* GothicA1-SemiBold.ttf */; };
		C92E55F129B137230032428B /* GothicA1-SemiBold.ttf in Resources */ = {isa = PBXBuildFile; fileRef = C92E55E629B137220032428B /* GothicA1-SemiBold.ttf */; };
		C92E55F229B137230032428B /* GothicA1-Thin.ttf in Resources */ = {isa = PBXBuildFile; fileRef = C92E55E729B137230032428B /* GothicA1-Thin.ttf */; };
		C92E55F329B137230032428B /* GothicA1-Thin.ttf in Resources */ = {isa = PBXBuildFile; fileRef = C92E55E729B137230032428B /* GothicA1-Thin.ttf */; };
		C92E55F429B137230032428B /* GothicA1-Thin.ttf in Resources */ = {isa = PBXBuildFile; fileRef = C92E55E729B137230032428B /* GothicA1-Thin.ttf */; };
		C92E55F529B137230032428B /* GothicA1-ExtraLight.ttf in Resources */ = {isa = PBXBuildFile; fileRef = C92E55E829B137230032428B /* GothicA1-ExtraLight.ttf */; };
		C92E55F629B137230032428B /* GothicA1-ExtraLight.ttf in Resources */ = {isa = PBXBuildFile; fileRef = C92E55E829B137230032428B /* GothicA1-ExtraLight.ttf */; };
		C92E55F729B137230032428B /* GothicA1-ExtraLight.ttf in Resources */ = {isa = PBXBuildFile; fileRef = C92E55E829B137230032428B /* GothicA1-ExtraLight.ttf */; };
		C92E55F829B137230032428B /* GothicA1-ExtraBold.ttf in Resources */ = {isa = PBXBuildFile; fileRef = C92E55E929B137230032428B /* GothicA1-ExtraBold.ttf */; };
		C92E55F929B137230032428B /* GothicA1-ExtraBold.ttf in Resources */ = {isa = PBXBuildFile; fileRef = C92E55E929B137230032428B /* GothicA1-ExtraBold.ttf */; };
		C92E55FA29B137230032428B /* GothicA1-ExtraBold.ttf in Resources */ = {isa = PBXBuildFile; fileRef = C92E55E929B137230032428B /* GothicA1-ExtraBold.ttf */; };
		C92E55FB29B137230032428B /* GothicA1-Medium.ttf in Resources */ = {isa = PBXBuildFile; fileRef = C92E55EA29B137230032428B /* GothicA1-Medium.ttf */; };
		C92E55FC29B137230032428B /* GothicA1-Medium.ttf in Resources */ = {isa = PBXBuildFile; fileRef = C92E55EA29B137230032428B /* GothicA1-Medium.ttf */; };
		C92E55FD29B137230032428B /* GothicA1-Medium.ttf in Resources */ = {isa = PBXBuildFile; fileRef = C92E55EA29B137230032428B /* GothicA1-Medium.ttf */; };
		C92E55FE29B137230032428B /* GothicA1-Bold.ttf in Resources */ = {isa = PBXBuildFile; fileRef = C92E55EB29B137230032428B /* GothicA1-Bold.ttf */; };
		C92E55FF29B137230032428B /* GothicA1-Bold.ttf in Resources */ = {isa = PBXBuildFile; fileRef = C92E55EB29B137230032428B /* GothicA1-Bold.ttf */; };
		C92E560029B137230032428B /* GothicA1-Bold.ttf in Resources */ = {isa = PBXBuildFile; fileRef = C92E55EB29B137230032428B /* GothicA1-Bold.ttf */; };
		C92E560129B137230032428B /* GothicA1-Light.ttf in Resources */ = {isa = PBXBuildFile; fileRef = C92E55EC29B137230032428B /* GothicA1-Light.ttf */; };
		C92E560229B137230032428B /* GothicA1-Light.ttf in Resources */ = {isa = PBXBuildFile; fileRef = C92E55EC29B137230032428B /* GothicA1-Light.ttf */; };
		C92E560329B137230032428B /* GothicA1-Light.ttf in Resources */ = {isa = PBXBuildFile; fileRef = C92E55EC29B137230032428B /* GothicA1-Light.ttf */; };
		C92E560429B137230032428B /* GothicA1-Black.ttf in Resources */ = {isa = PBXBuildFile; fileRef = C92E55ED29B137230032428B /* GothicA1-Black.ttf */; };
		C92E560529B137230032428B /* GothicA1-Black.ttf in Resources */ = {isa = PBXBuildFile; fileRef = C92E55ED29B137230032428B /* GothicA1-Black.ttf */; };
		C92E560629B137230032428B /* GothicA1-Black.ttf in Resources */ = {isa = PBXBuildFile; fileRef = C92E55ED29B137230032428B /* GothicA1-Black.ttf */; };
		C92E560729B137230032428B /* GothicA1-Regular.ttf in Resources */ = {isa = PBXBuildFile; fileRef = C92E55EE29B137230032428B /* GothicA1-Regular.ttf */; };
		C92E560829B137230032428B /* GothicA1-Regular.ttf in Resources */ = {isa = PBXBuildFile; fileRef = C92E55EE29B137230032428B /* GothicA1-Regular.ttf */; };
		C92E560929B137230032428B /* GothicA1-Regular.ttf in Resources */ = {isa = PBXBuildFile; fileRef = C92E55EE29B137230032428B /* GothicA1-Regular.ttf */; };
		C98B30F229D8D40000EEF45C /* AllPlaylistsViewController.swift in Sources */ = {isa = PBXBuildFile; fileRef = C98B30F129D8D40000EEF45C /* AllPlaylistsViewController.swift */; };
		C98B30F629D9E97100EEF45C /* AccountTableViewCell.swift in Sources */ = {isa = PBXBuildFile; fileRef = C98B30F529D9E97100EEF45C /* AccountTableViewCell.swift */; };
		C98B30F829D9E98100EEF45C /* SliderTableViewCell.swift in Sources */ = {isa = PBXBuildFile; fileRef = C98B30F729D9E98100EEF45C /* SliderTableViewCell.swift */; };
		C98B30FA29DA029700EEF45C /* ChangePasswordController.swift in Sources */ = {isa = PBXBuildFile; fileRef = C98B30F929DA029700EEF45C /* ChangePasswordController.swift */; };
		C99B6D7729B7EFA9004864B5 /* SettingsController.swift in Sources */ = {isa = PBXBuildFile; fileRef = C99B6D7629B7EFA9004864B5 /* SettingsController.swift */; };
		C9BE070029B165C0006A6ABD /* AppDelegate.swift in Sources */ = {isa = PBXBuildFile; fileRef = C9BE06FF29B165C0006A6ABD /* AppDelegate.swift */; };
		C9D3A9C329B84A2F00817F16 /* RegisterController.swift in Sources */ = {isa = PBXBuildFile; fileRef = C9D3A9C229B84A2F00817F16 /* RegisterController.swift */; };
		D200038D29ADF4B0001F8105 /* LoginViewController.swift in Sources */ = {isa = PBXBuildFile; fileRef = D200038C29ADF4B0001F8105 /* LoginViewController.swift */; };
		D2162D6029CD167B006D4527 /* AVFoundation.framework in Frameworks */ = {isa = PBXBuildFile; fileRef = D2162D5F29CD167B006D4527 /* AVFoundation.framework */; };
		D23E58D829ADC08D00D17EA7 /* SceneDelegate.swift in Sources */ = {isa = PBXBuildFile; fileRef = D23E58D729ADC08D00D17EA7 /* SceneDelegate.swift */; };
		D23E58DA29ADC08D00D17EA7 /* ViewController.swift in Sources */ = {isa = PBXBuildFile; fileRef = D23E58D929ADC08D00D17EA7 /* ViewController.swift */; };
		D23E58DD29ADC08D00D17EA7 /* Main.storyboard in Resources */ = {isa = PBXBuildFile; fileRef = D23E58DB29ADC08D00D17EA7 /* Main.storyboard */; };
		D23E58E029ADC08D00D17EA7 /* Reverbify.xcdatamodeld in Sources */ = {isa = PBXBuildFile; fileRef = D23E58DE29ADC08D00D17EA7 /* Reverbify.xcdatamodeld */; };
		D23E58E229ADC08F00D17EA7 /* Assets.xcassets in Resources */ = {isa = PBXBuildFile; fileRef = D23E58E129ADC08F00D17EA7 /* Assets.xcassets */; };
		D23E58E529ADC08F00D17EA7 /* LaunchScreen.storyboard in Resources */ = {isa = PBXBuildFile; fileRef = D23E58E329ADC08F00D17EA7 /* LaunchScreen.storyboard */; };
		D23E58F029ADC08F00D17EA7 /* ReverbifyTests.swift in Sources */ = {isa = PBXBuildFile; fileRef = D23E58EF29ADC08F00D17EA7 /* ReverbifyTests.swift */; };
		D23E58FA29ADC08F00D17EA7 /* ReverbifyUITests.swift in Sources */ = {isa = PBXBuildFile; fileRef = D23E58F929ADC08F00D17EA7 /* ReverbifyUITests.swift */; };
		D23E58FC29ADC08F00D17EA7 /* ReverbifyUITestsLaunchTests.swift in Sources */ = {isa = PBXBuildFile; fileRef = D23E58FB29ADC08F00D17EA7 /* ReverbifyUITestsLaunchTests.swift */; };
		D2DD3F2F29DF97B50025FA3F /* Song.swift in Sources */ = {isa = PBXBuildFile; fileRef = D2DD3F2E29DF97B50025FA3F /* Song.swift */; };
		D2DD3F3129DF98210025FA3F /* Playlist.swift in Sources */ = {isa = PBXBuildFile; fileRef = D2DD3F3029DF98210025FA3F /* Playlist.swift */; };
		D2DD3F5329EEBD850025FA3F /* SongPlayer.swift in Sources */ = {isa = PBXBuildFile; fileRef = D2DD3F5229EEBD850025FA3F /* SongPlayer.swift */; };
		D2EA8E1329B9C3DE0016E895 /* AddSongController.swift in Sources */ = {isa = PBXBuildFile; fileRef = D2EA8E1229B9C3DE0016E895 /* AddSongController.swift */; };
		D2EA8E3C29C514D60016E895 /* ReverbifyAPIHandler.swift in Sources */ = {isa = PBXBuildFile; fileRef = D2EA8E3B29C514D60016E895 /* ReverbifyAPIHandler.swift */; };
		D2EA8E3E29C5A9C70016E895 /* AllSongsController.swift in Sources */ = {isa = PBXBuildFile; fileRef = D2EA8E3D29C5A9C70016E895 /* AllSongsController.swift */; };
		D2EA8E4529C6F2120016E895 /* SongTableCell.swift in Sources */ = {isa = PBXBuildFile; fileRef = D2EA8E4329C6F2120016E895 /* SongTableCell.swift */; };
		D2EA8E4629C6F2120016E895 /* SongTableCell.xib in Resources */ = {isa = PBXBuildFile; fileRef = D2EA8E4429C6F2120016E895 /* SongTableCell.xib */; };
		D2EA8E5B29CD0F240016E895 /* PlaySongController.swift in Sources */ = {isa = PBXBuildFile; fileRef = D2EA8E5A29CD0F240016E895 /* PlaySongController.swift */; };
/* End PBXBuildFile section */

/* Begin PBXContainerItemProxy section */
		D23E58EC29ADC08F00D17EA7 /* PBXContainerItemProxy */ = {
			isa = PBXContainerItemProxy;
			containerPortal = D23E58CA29ADC08D00D17EA7 /* Project object */;
			proxyType = 1;
			remoteGlobalIDString = D23E58D129ADC08D00D17EA7;
			remoteInfo = Reverbify;
		};
		D23E58F629ADC08F00D17EA7 /* PBXContainerItemProxy */ = {
			isa = PBXContainerItemProxy;
			containerPortal = D23E58CA29ADC08D00D17EA7 /* Project object */;
			proxyType = 1;
			remoteGlobalIDString = D23E58D129ADC08D00D17EA7;
			remoteInfo = Reverbify;
		};
/* End PBXContainerItemProxy section */

/* Begin PBXFileReference section */
		1914B58429B82446002D08B4 /* ItemCell.swift */ = {isa = PBXFileReference; lastKnownFileType = sourcecode.swift; path = ItemCell.swift; sourceTree = "<group>"; };
		1914B58529B82446002D08B4 /* ItemCell.xib */ = {isa = PBXFileReference; lastKnownFileType = file.xib; path = ItemCell.xib; sourceTree = "<group>"; };
		1944893329B6BC2700F9D215 /* HomePageViewController.swift */ = {isa = PBXFileReference; lastKnownFileType = sourcecode.swift; path = HomePageViewController.swift; sourceTree = "<group>"; };
		19AAF87A29D0D49200BDAB02 /* MyCollectionViewCell.swift */ = {isa = PBXFileReference; lastKnownFileType = sourcecode.swift; path = MyCollectionViewCell.swift; sourceTree = "<group>"; };
		19AAF87C29D0D55200BDAB02 /* MyTableViewCell.swift */ = {isa = PBXFileReference; lastKnownFileType = sourcecode.swift; path = MyTableViewCell.swift; sourceTree = "<group>"; };
		19AAF87E29D0D5F000BDAB02 /* SongData.swift */ = {isa = PBXFileReference; lastKnownFileType = sourcecode.swift; path = SongData.swift; sourceTree = "<group>"; };
		3516876C29EDC61700245400 /* AddPlaylistViewController.swift */ = {isa = PBXFileReference; lastKnownFileType = sourcecode.swift; path = AddPlaylistViewController.swift; sourceTree = "<group>"; };
		3586786F29EDF1AC00F74610 /* AddSongToPlaylistViewController.swift */ = {isa = PBXFileReference; lastKnownFileType = sourcecode.swift; path = AddSongToPlaylistViewController.swift; sourceTree = "<group>"; };
		35BC817329D15E150046C0EC /* PlaylistViewController.swift */ = {isa = PBXFileReference; lastKnownFileType = sourcecode.swift; path = PlaylistViewController.swift; sourceTree = "<group>"; };
		C92E55E229B107E10032428B /* GoogleService-Info.plist */ = {isa = PBXFileReference; fileEncoding = 4; lastKnownFileType = text.plist.xml; path = "GoogleService-Info.plist"; sourceTree = "<group>"; };
		C92E55E629B137220032428B /* GothicA1-SemiBold.ttf */ = {isa = PBXFileReference; lastKnownFileType = file; path = "GothicA1-SemiBold.ttf"; sourceTree = "<group>"; };
		C92E55E729B137230032428B /* GothicA1-Thin.ttf */ = {isa = PBXFileReference; lastKnownFileType = file; path = "GothicA1-Thin.ttf"; sourceTree = "<group>"; };
		C92E55E829B137230032428B /* GothicA1-ExtraLight.ttf */ = {isa = PBXFileReference; lastKnownFileType = file; path = "GothicA1-ExtraLight.ttf"; sourceTree = "<group>"; };
		C92E55E929B137230032428B /* GothicA1-ExtraBold.ttf */ = {isa = PBXFileReference; lastKnownFileType = file; path = "GothicA1-ExtraBold.ttf"; sourceTree = "<group>"; };
		C92E55EA29B137230032428B /* GothicA1-Medium.ttf */ = {isa = PBXFileReference; lastKnownFileType = file; path = "GothicA1-Medium.ttf"; sourceTree = "<group>"; };
		C92E55EB29B137230032428B /* GothicA1-Bold.ttf */ = {isa = PBXFileReference; lastKnownFileType = file; path = "GothicA1-Bold.ttf"; sourceTree = "<group>"; };
		C92E55EC29B137230032428B /* GothicA1-Light.ttf */ = {isa = PBXFileReference; lastKnownFileType = file; path = "GothicA1-Light.ttf"; sourceTree = "<group>"; };
		C92E55ED29B137230032428B /* GothicA1-Black.ttf */ = {isa = PBXFileReference; lastKnownFileType = file; path = "GothicA1-Black.ttf"; sourceTree = "<group>"; };
		C92E55EE29B137230032428B /* GothicA1-Regular.ttf */ = {isa = PBXFileReference; lastKnownFileType = file; path = "GothicA1-Regular.ttf"; sourceTree = "<group>"; };
		C972826C29B7962A00C2400F /* Reverbify.entitlements */ = {isa = PBXFileReference; lastKnownFileType = text.plist.entitlements; path = Reverbify.entitlements; sourceTree = "<group>"; };
		C98B30F129D8D40000EEF45C /* AllPlaylistsViewController.swift */ = {isa = PBXFileReference; fileEncoding = 4; lastKnownFileType = sourcecode.swift; path = AllPlaylistsViewController.swift; sourceTree = "<group>"; };
		C98B30F529D9E97100EEF45C /* AccountTableViewCell.swift */ = {isa = PBXFileReference; lastKnownFileType = sourcecode.swift; path = AccountTableViewCell.swift; sourceTree = "<group>"; };
		C98B30F729D9E98100EEF45C /* SliderTableViewCell.swift */ = {isa = PBXFileReference; lastKnownFileType = sourcecode.swift; path = SliderTableViewCell.swift; sourceTree = "<group>"; };
		C98B30F929DA029700EEF45C /* ChangePasswordController.swift */ = {isa = PBXFileReference; lastKnownFileType = sourcecode.swift; path = ChangePasswordController.swift; sourceTree = "<group>"; };
		C99B6D7629B7EFA9004864B5 /* SettingsController.swift */ = {isa = PBXFileReference; lastKnownFileType = sourcecode.swift; path = SettingsController.swift; sourceTree = "<group>"; };
		C9BE06FF29B165C0006A6ABD /* AppDelegate.swift */ = {isa = PBXFileReference; lastKnownFileType = sourcecode.swift; path = AppDelegate.swift; sourceTree = "<group>"; };
		C9D3A9C229B84A2F00817F16 /* RegisterController.swift */ = {isa = PBXFileReference; lastKnownFileType = sourcecode.swift; path = RegisterController.swift; sourceTree = "<group>"; };
		D200038C29ADF4B0001F8105 /* LoginViewController.swift */ = {isa = PBXFileReference; lastKnownFileType = sourcecode.swift; path = LoginViewController.swift; sourceTree = "<group>"; };
		D2162D5F29CD167B006D4527 /* AVFoundation.framework */ = {isa = PBXFileReference; lastKnownFileType = wrapper.framework; name = AVFoundation.framework; path = System/Library/Frameworks/AVFoundation.framework; sourceTree = SDKROOT; };
		D23E58D229ADC08D00D17EA7 /* Reverbify.app */ = {isa = PBXFileReference; explicitFileType = wrapper.application; includeInIndex = 0; path = Reverbify.app; sourceTree = BUILT_PRODUCTS_DIR; };
		D23E58D729ADC08D00D17EA7 /* SceneDelegate.swift */ = {isa = PBXFileReference; lastKnownFileType = sourcecode.swift; path = SceneDelegate.swift; sourceTree = "<group>"; };
		D23E58D929ADC08D00D17EA7 /* ViewController.swift */ = {isa = PBXFileReference; lastKnownFileType = sourcecode.swift; path = ViewController.swift; sourceTree = "<group>"; };
		D23E58DC29ADC08D00D17EA7 /* Base */ = {isa = PBXFileReference; lastKnownFileType = file.storyboard; name = Base; path = Base.lproj/Main.storyboard; sourceTree = "<group>"; };
		D23E58DF29ADC08D00D17EA7 /* Reverbify.xcdatamodel */ = {isa = PBXFileReference; lastKnownFileType = wrapper.xcdatamodel; path = Reverbify.xcdatamodel; sourceTree = "<group>"; };
		D23E58E129ADC08F00D17EA7 /* Assets.xcassets */ = {isa = PBXFileReference; lastKnownFileType = folder.assetcatalog; path = Assets.xcassets; sourceTree = "<group>"; };
		D23E58E429ADC08F00D17EA7 /* Base */ = {isa = PBXFileReference; lastKnownFileType = file.storyboard; name = Base; path = Base.lproj/LaunchScreen.storyboard; sourceTree = "<group>"; };
		D23E58E629ADC08F00D17EA7 /* Info.plist */ = {isa = PBXFileReference; lastKnownFileType = text.plist.xml; path = Info.plist; sourceTree = "<group>"; };
		D23E58EB29ADC08F00D17EA7 /* ReverbifyTests.xctest */ = {isa = PBXFileReference; explicitFileType = wrapper.cfbundle; includeInIndex = 0; path = ReverbifyTests.xctest; sourceTree = BUILT_PRODUCTS_DIR; };
		D23E58EF29ADC08F00D17EA7 /* ReverbifyTests.swift */ = {isa = PBXFileReference; lastKnownFileType = sourcecode.swift; path = ReverbifyTests.swift; sourceTree = "<group>"; };
		D23E58F529ADC08F00D17EA7 /* ReverbifyUITests.xctest */ = {isa = PBXFileReference; explicitFileType = wrapper.cfbundle; includeInIndex = 0; path = ReverbifyUITests.xctest; sourceTree = BUILT_PRODUCTS_DIR; };
		D23E58F929ADC08F00D17EA7 /* ReverbifyUITests.swift */ = {isa = PBXFileReference; lastKnownFileType = sourcecode.swift; path = ReverbifyUITests.swift; sourceTree = "<group>"; };
		D23E58FB29ADC08F00D17EA7 /* ReverbifyUITestsLaunchTests.swift */ = {isa = PBXFileReference; lastKnownFileType = sourcecode.swift; path = ReverbifyUITestsLaunchTests.swift; sourceTree = "<group>"; };
		D2DD3F2E29DF97B50025FA3F /* Song.swift */ = {isa = PBXFileReference; lastKnownFileType = sourcecode.swift; path = Song.swift; sourceTree = "<group>"; };
		D2DD3F3029DF98210025FA3F /* Playlist.swift */ = {isa = PBXFileReference; lastKnownFileType = sourcecode.swift; path = Playlist.swift; sourceTree = "<group>"; };
		D2DD3F5229EEBD850025FA3F /* SongPlayer.swift */ = {isa = PBXFileReference; lastKnownFileType = sourcecode.swift; path = SongPlayer.swift; sourceTree = "<group>"; };
		D2EA8E1229B9C3DE0016E895 /* AddSongController.swift */ = {isa = PBXFileReference; lastKnownFileType = sourcecode.swift; path = AddSongController.swift; sourceTree = "<group>"; };
		D2EA8E3B29C514D60016E895 /* ReverbifyAPIHandler.swift */ = {isa = PBXFileReference; lastKnownFileType = sourcecode.swift; path = ReverbifyAPIHandler.swift; sourceTree = "<group>"; };
		D2EA8E3D29C5A9C70016E895 /* AllSongsController.swift */ = {isa = PBXFileReference; lastKnownFileType = sourcecode.swift; path = AllSongsController.swift; sourceTree = "<group>"; };
		D2EA8E4329C6F2120016E895 /* SongTableCell.swift */ = {isa = PBXFileReference; lastKnownFileType = sourcecode.swift; path = SongTableCell.swift; sourceTree = "<group>"; };
		D2EA8E4429C6F2120016E895 /* SongTableCell.xib */ = {isa = PBXFileReference; lastKnownFileType = file.xib; path = SongTableCell.xib; sourceTree = "<group>"; };
		D2EA8E5A29CD0F240016E895 /* PlaySongController.swift */ = {isa = PBXFileReference; lastKnownFileType = sourcecode.swift; path = PlaySongController.swift; sourceTree = "<group>"; };
/* End PBXFileReference section */

/* Begin PBXFrameworksBuildPhase section */
		D23E58CF29ADC08D00D17EA7 /* Frameworks */ = {
			isa = PBXFrameworksBuildPhase;
			buildActionMask = 2147483647;
			files = (
				C92E55BF29B105290032428B /* FirebaseDatabase in Frameworks */,
				C92E55CD29B105290032428B /* FirebaseFunctionsCombine-Community in Frameworks */,
				C92E55C529B105290032428B /* FirebaseFirestore in Frameworks */,
				C92E55B129B105290032428B /* FirebaseAnalyticsSwift in Frameworks */,
				C92E55AD29B105290032428B /* FirebaseAnalytics in Frameworks */,
				C92E55AF29B105290032428B /* FirebaseAnalyticsOnDeviceConversion in Frameworks */,
				C92E55D529B105290032428B /* FirebaseMLModelDownloader in Frameworks */,
				C92E55C929B105290032428B /* FirebaseFirestoreSwift in Frameworks */,
				C92E55B529B105290032428B /* FirebaseAppCheck in Frameworks */,
				C92E55B329B105290032428B /* FirebaseAnalyticsWithoutAdIdSupport in Frameworks */,
				C92E55B929B105290032428B /* FirebaseAuth in Frameworks */,
				C92E55BD29B105290032428B /* FirebaseCrashlytics in Frameworks */,
				D2162D6029CD167B006D4527 /* AVFoundation.framework in Frameworks */,
				C92E55DD29B105290032428B /* FirebaseRemoteConfigSwift in Frameworks */,
				C92E55CF29B105290032428B /* FirebaseInAppMessaging-Beta in Frameworks */,
				C92E55C129B105290032428B /* FirebaseDatabaseSwift in Frameworks */,
				C92E55CB29B105290032428B /* FirebaseFunctions in Frameworks */,
				C92E55E129B105290032428B /* FirebaseStorageCombine-Community in Frameworks */,
				C92E55DB29B105290032428B /* FirebaseRemoteConfig in Frameworks */,
				C92E55B729B105290032428B /* FirebaseAppDistribution-Beta in Frameworks */,
				C92E55BB29B105290032428B /* FirebaseAuthCombine-Community in Frameworks */,
				C92E55D929B105290032428B /* FirebasePerformance in Frameworks */,
				C92E55D129B105290032428B /* FirebaseInAppMessagingSwift-Beta in Frameworks */,
				C92E55DF29B105290032428B /* FirebaseStorage in Frameworks */,
				C92E55C329B105290032428B /* FirebaseDynamicLinks in Frameworks */,
				C92E55C729B105290032428B /* FirebaseFirestoreCombine-Community in Frameworks */,
				C92E55D729B105290032428B /* FirebaseMessaging in Frameworks */,
				C92E55D329B105290032428B /* FirebaseInstallations in Frameworks */,
			);
			runOnlyForDeploymentPostprocessing = 0;
		};
		D23E58E829ADC08F00D17EA7 /* Frameworks */ = {
			isa = PBXFrameworksBuildPhase;
			buildActionMask = 2147483647;
			files = (
			);
			runOnlyForDeploymentPostprocessing = 0;
		};
		D23E58F229ADC08F00D17EA7 /* Frameworks */ = {
			isa = PBXFrameworksBuildPhase;
			buildActionMask = 2147483647;
			files = (
			);
			runOnlyForDeploymentPostprocessing = 0;
		};
/* End PBXFrameworksBuildPhase section */

/* Begin PBXGroup section */
		1914B58329B8242A002D08B4 /* ItemCell */ = {
			isa = PBXGroup;
			children = (
				1914B58429B82446002D08B4 /* ItemCell.swift */,
				1914B58529B82446002D08B4 /* ItemCell.xib */,
			);
			path = ItemCell;
			sourceTree = "<group>";
		};
		C98B30F029D8D2B700EEF45C /* Recovered References */ = {
			isa = PBXGroup;
			children = (
			);
			name = "Recovered References";
			sourceTree = "<group>";
		};
		D2162D5E29CD167A006D4527 /* Frameworks */ = {
			isa = PBXGroup;
			children = (
				D2162D5F29CD167B006D4527 /* AVFoundation.framework */,
			);
			name = Frameworks;
			sourceTree = "<group>";
		};
		D23E58C929ADC08D00D17EA7 = {
			isa = PBXGroup;
			children = (
				C9D3A9C229B84A2F00817F16 /* RegisterController.swift */,
				D23E58D429ADC08D00D17EA7 /* Reverbify */,
				D23E58EE29ADC08F00D17EA7 /* ReverbifyTests */,
				D23E58F829ADC08F00D17EA7 /* ReverbifyUITests */,
				D23E58D329ADC08D00D17EA7 /* Products */,
				D2162D5E29CD167A006D4527 /* Frameworks */,
				C98B30F029D8D2B700EEF45C /* Recovered References */,
			);
			sourceTree = "<group>";
		};
		D23E58D329ADC08D00D17EA7 /* Products */ = {
			isa = PBXGroup;
			children = (
				D23E58D229ADC08D00D17EA7 /* Reverbify.app */,
				D23E58EB29ADC08F00D17EA7 /* ReverbifyTests.xctest */,
				D23E58F529ADC08F00D17EA7 /* ReverbifyUITests.xctest */,
			);
			name = Products;
			sourceTree = "<group>";
		};
		D23E58D429ADC08D00D17EA7 /* Reverbify */ = {
			isa = PBXGroup;
			children = (
				C972826C29B7962A00C2400F /* Reverbify.entitlements */,
				1914B58329B8242A002D08B4 /* ItemCell */,
				C92E55E229B107E10032428B /* GoogleService-Info.plist */,
				D23E58D729ADC08D00D17EA7 /* SceneDelegate.swift */,
				D23E58D929ADC08D00D17EA7 /* ViewController.swift */,
				C9BE06FF29B165C0006A6ABD /* AppDelegate.swift */,
				D23E58DB29ADC08D00D17EA7 /* Main.storyboard */,
				C98B30F529D9E97100EEF45C /* AccountTableViewCell.swift */,
				C98B30F729D9E98100EEF45C /* SliderTableViewCell.swift */,
				19AAF87E29D0D5F000BDAB02 /* SongData.swift */,
				D23E58E129ADC08F00D17EA7 /* Assets.xcassets */,
				D23E58E329ADC08F00D17EA7 /* LaunchScreen.storyboard */,
				D23E58E629ADC08F00D17EA7 /* Info.plist */,
				D23E58DE29ADC08D00D17EA7 /* Reverbify.xcdatamodeld */,
				D200038C29ADF4B0001F8105 /* LoginViewController.swift */,
				C99B6D7629B7EFA9004864B5 /* SettingsController.swift */,
				C98B30F929DA029700EEF45C /* ChangePasswordController.swift */,
				C92E55ED29B137230032428B /* GothicA1-Black.ttf */,
				C92E55EB29B137230032428B /* GothicA1-Bold.ttf */,
				C92E55E929B137230032428B /* GothicA1-ExtraBold.ttf */,
				C92E55E829B137230032428B /* GothicA1-ExtraLight.ttf */,
				C92E55EC29B137230032428B /* GothicA1-Light.ttf */,
				C92E55EA29B137230032428B /* GothicA1-Medium.ttf */,
				C92E55EE29B137230032428B /* GothicA1-Regular.ttf */,
				C92E55E629B137220032428B /* GothicA1-SemiBold.ttf */,
				C92E55E729B137230032428B /* GothicA1-Thin.ttf */,
				1944893329B6BC2700F9D215 /* HomePageViewController.swift */,
				D2EA8E1229B9C3DE0016E895 /* AddSongController.swift */,
				C98B30F129D8D40000EEF45C /* AllPlaylistsViewController.swift */,
				D2EA8E3B29C514D60016E895 /* ReverbifyAPIHandler.swift */,
				D2EA8E3D29C5A9C70016E895 /* AllSongsController.swift */,
				D2EA8E4329C6F2120016E895 /* SongTableCell.swift */,
				D2EA8E4429C6F2120016E895 /* SongTableCell.xib */,
				D2EA8E5A29CD0F240016E895 /* PlaySongController.swift */,
				19AAF87A29D0D49200BDAB02 /* MyCollectionViewCell.swift */,
				19AAF87C29D0D55200BDAB02 /* MyTableViewCell.swift */,
				35BC817329D15E150046C0EC /* PlaylistViewController.swift */,
				D2DD3F2E29DF97B50025FA3F /* Song.swift */,
				D2DD3F3029DF98210025FA3F /* Playlist.swift */,
				3516876C29EDC61700245400 /* AddPlaylistViewController.swift */,
				3586786F29EDF1AC00F74610 /* AddSongToPlaylistViewController.swift */,
				D2DD3F5229EEBD850025FA3F /* SongPlayer.swift */,
			);
			path = Reverbify;
			sourceTree = "<group>";
		};
		D23E58EE29ADC08F00D17EA7 /* ReverbifyTests */ = {
			isa = PBXGroup;
			children = (
				D23E58EF29ADC08F00D17EA7 /* ReverbifyTests.swift */,
			);
			path = ReverbifyTests;
			sourceTree = "<group>";
		};
		D23E58F829ADC08F00D17EA7 /* ReverbifyUITests */ = {
			isa = PBXGroup;
			children = (
				D23E58F929ADC08F00D17EA7 /* ReverbifyUITests.swift */,
				D23E58FB29ADC08F00D17EA7 /* ReverbifyUITestsLaunchTests.swift */,
			);
			path = ReverbifyUITests;
			sourceTree = "<group>";
		};
/* End PBXGroup section */

/* Begin PBXNativeTarget section */
		D23E58D129ADC08D00D17EA7 /* Reverbify */ = {
			isa = PBXNativeTarget;
			buildConfigurationList = D23E58FF29ADC08F00D17EA7 /* Build configuration list for PBXNativeTarget "Reverbify" */;
			buildPhases = (
				D23E58CE29ADC08D00D17EA7 /* Sources */,
				D23E58CF29ADC08D00D17EA7 /* Frameworks */,
				D23E58D029ADC08D00D17EA7 /* Resources */,
			);
			buildRules = (
			);
			dependencies = (
			);
			name = Reverbify;
			packageProductDependencies = (
				C92E55AC29B105290032428B /* FirebaseAnalytics */,
				C92E55AE29B105290032428B /* FirebaseAnalyticsOnDeviceConversion */,
				C92E55B029B105290032428B /* FirebaseAnalyticsSwift */,
				C92E55B229B105290032428B /* FirebaseAnalyticsWithoutAdIdSupport */,
				C92E55B429B105290032428B /* FirebaseAppCheck */,
				C92E55B629B105290032428B /* FirebaseAppDistribution-Beta */,
				C92E55B829B105290032428B /* FirebaseAuth */,
				C92E55BA29B105290032428B /* FirebaseAuthCombine-Community */,
				C92E55BC29B105290032428B /* FirebaseCrashlytics */,
				C92E55BE29B105290032428B /* FirebaseDatabase */,
				C92E55C029B105290032428B /* FirebaseDatabaseSwift */,
				C92E55C229B105290032428B /* FirebaseDynamicLinks */,
				C92E55C429B105290032428B /* FirebaseFirestore */,
				C92E55C629B105290032428B /* FirebaseFirestoreCombine-Community */,
				C92E55C829B105290032428B /* FirebaseFirestoreSwift */,
				C92E55CA29B105290032428B /* FirebaseFunctions */,
				C92E55CC29B105290032428B /* FirebaseFunctionsCombine-Community */,
				C92E55CE29B105290032428B /* FirebaseInAppMessaging-Beta */,
				C92E55D029B105290032428B /* FirebaseInAppMessagingSwift-Beta */,
				C92E55D229B105290032428B /* FirebaseInstallations */,
				C92E55D429B105290032428B /* FirebaseMLModelDownloader */,
				C92E55D629B105290032428B /* FirebaseMessaging */,
				C92E55D829B105290032428B /* FirebasePerformance */,
				C92E55DA29B105290032428B /* FirebaseRemoteConfig */,
				C92E55DC29B105290032428B /* FirebaseRemoteConfigSwift */,
				C92E55DE29B105290032428B /* FirebaseStorage */,
				C92E55E029B105290032428B /* FirebaseStorageCombine-Community */,
			);
			productName = Reverbify;
			productReference = D23E58D229ADC08D00D17EA7 /* Reverbify.app */;
			productType = "com.apple.product-type.application";
		};
		D23E58EA29ADC08F00D17EA7 /* ReverbifyTests */ = {
			isa = PBXNativeTarget;
			buildConfigurationList = D23E590229ADC08F00D17EA7 /* Build configuration list for PBXNativeTarget "ReverbifyTests" */;
			buildPhases = (
				D23E58E729ADC08F00D17EA7 /* Sources */,
				D23E58E829ADC08F00D17EA7 /* Frameworks */,
				D23E58E929ADC08F00D17EA7 /* Resources */,
			);
			buildRules = (
			);
			dependencies = (
				D23E58ED29ADC08F00D17EA7 /* PBXTargetDependency */,
			);
			name = ReverbifyTests;
			productName = ReverbifyTests;
			productReference = D23E58EB29ADC08F00D17EA7 /* ReverbifyTests.xctest */;
			productType = "com.apple.product-type.bundle.unit-test";
		};
		D23E58F429ADC08F00D17EA7 /* ReverbifyUITests */ = {
			isa = PBXNativeTarget;
			buildConfigurationList = D23E590529ADC08F00D17EA7 /* Build configuration list for PBXNativeTarget "ReverbifyUITests" */;
			buildPhases = (
				D23E58F129ADC08F00D17EA7 /* Sources */,
				D23E58F229ADC08F00D17EA7 /* Frameworks */,
				D23E58F329ADC08F00D17EA7 /* Resources */,
			);
			buildRules = (
			);
			dependencies = (
				D23E58F729ADC08F00D17EA7 /* PBXTargetDependency */,
			);
			name = ReverbifyUITests;
			productName = ReverbifyUITests;
			productReference = D23E58F529ADC08F00D17EA7 /* ReverbifyUITests.xctest */;
			productType = "com.apple.product-type.bundle.ui-testing";
		};
/* End PBXNativeTarget section */

/* Begin PBXProject section */
		D23E58CA29ADC08D00D17EA7 /* Project object */ = {
			isa = PBXProject;
			attributes = {
				BuildIndependentTargetsInParallel = 1;
				LastSwiftUpdateCheck = 1420;
				LastUpgradeCheck = 1420;
				TargetAttributes = {
					D23E58D129ADC08D00D17EA7 = {
						CreatedOnToolsVersion = 14.2;
					};
					D23E58EA29ADC08F00D17EA7 = {
						CreatedOnToolsVersion = 14.2;
						TestTargetID = D23E58D129ADC08D00D17EA7;
					};
					D23E58F429ADC08F00D17EA7 = {
						CreatedOnToolsVersion = 14.2;
						TestTargetID = D23E58D129ADC08D00D17EA7;
					};
				};
			};
			buildConfigurationList = D23E58CD29ADC08D00D17EA7 /* Build configuration list for PBXProject "Reverbify" */;
			compatibilityVersion = "Xcode 14.0";
			developmentRegion = en;
			hasScannedForEncodings = 0;
			knownRegions = (
				en,
				Base,
			);
			mainGroup = D23E58C929ADC08D00D17EA7;
			packageReferences = (
				C92E55AB29B105290032428B /* XCRemoteSwiftPackageReference "firebase-ios-sdk" */,
			);
			productRefGroup = D23E58D329ADC08D00D17EA7 /* Products */;
			projectDirPath = "";
			projectRoot = "";
			targets = (
				D23E58D129ADC08D00D17EA7 /* Reverbify */,
				D23E58EA29ADC08F00D17EA7 /* ReverbifyTests */,
				D23E58F429ADC08F00D17EA7 /* ReverbifyUITests */,
			);
		};
/* End PBXProject section */

/* Begin PBXResourcesBuildPhase section */
		D23E58D029ADC08D00D17EA7 /* Resources */ = {
			isa = PBXResourcesBuildPhase;
			buildActionMask = 2147483647;
			files = (
				C92E55F529B137230032428B /* GothicA1-ExtraLight.ttf in Resources */,
				D23E58E529ADC08F00D17EA7 /* LaunchScreen.storyboard in Resources */,
				C92E55F229B137230032428B /* GothicA1-Thin.ttf in Resources */,
				C92E55E329B107E10032428B /* GoogleService-Info.plist in Resources */,
				D2EA8E4629C6F2120016E895 /* SongTableCell.xib in Resources */,
				1914B58729B82446002D08B4 /* ItemCell.xib in Resources */,
				C92E55F829B137230032428B /* GothicA1-ExtraBold.ttf in Resources */,
				D23E58E229ADC08F00D17EA7 /* Assets.xcassets in Resources */,
				D23E58DD29ADC08D00D17EA7 /* Main.storyboard in Resources */,
				C92E55EF29B137230032428B /* GothicA1-SemiBold.ttf in Resources */,
				C92E560429B137230032428B /* GothicA1-Black.ttf in Resources */,
				C92E55FB29B137230032428B /* GothicA1-Medium.ttf in Resources */,
				C92E560129B137230032428B /* GothicA1-Light.ttf in Resources */,
				C92E55FE29B137230032428B /* GothicA1-Bold.ttf in Resources */,
				C92E560729B137230032428B /* GothicA1-Regular.ttf in Resources */,
			);
			runOnlyForDeploymentPostprocessing = 0;
		};
		D23E58E929ADC08F00D17EA7 /* Resources */ = {
			isa = PBXResourcesBuildPhase;
			buildActionMask = 2147483647;
			files = (
				C92E55F929B137230032428B /* GothicA1-ExtraBold.ttf in Resources */,
				C92E55F629B137230032428B /* GothicA1-ExtraLight.ttf in Resources */,
				C92E55E429B107E10032428B /* GoogleService-Info.plist in Resources */,
				C92E560229B137230032428B /* GothicA1-Light.ttf in Resources */,
				C92E55F329B137230032428B /* GothicA1-Thin.ttf in Resources */,
				C92E55F029B137230032428B /* GothicA1-SemiBold.ttf in Resources */,
				C92E55FF29B137230032428B /* GothicA1-Bold.ttf in Resources */,
				C92E560829B137230032428B /* GothicA1-Regular.ttf in Resources */,
				C92E55FC29B137230032428B /* GothicA1-Medium.ttf in Resources */,
				C92E560529B137230032428B /* GothicA1-Black.ttf in Resources */,
			);
			runOnlyForDeploymentPostprocessing = 0;
		};
		D23E58F329ADC08F00D17EA7 /* Resources */ = {
			isa = PBXResourcesBuildPhase;
			buildActionMask = 2147483647;
			files = (
				C92E55FA29B137230032428B /* GothicA1-ExtraBold.ttf in Resources */,
				C92E55F729B137230032428B /* GothicA1-ExtraLight.ttf in Resources */,
				C92E55E529B107E10032428B /* GoogleService-Info.plist in Resources */,
				C92E560329B137230032428B /* GothicA1-Light.ttf in Resources */,
				C92E55F429B137230032428B /* GothicA1-Thin.ttf in Resources */,
				C92E55F129B137230032428B /* GothicA1-SemiBold.ttf in Resources */,
				C92E560029B137230032428B /* GothicA1-Bold.ttf in Resources */,
				C92E560929B137230032428B /* GothicA1-Regular.ttf in Resources */,
				C92E55FD29B137230032428B /* GothicA1-Medium.ttf in Resources */,
				C92E560629B137230032428B /* GothicA1-Black.ttf in Resources */,
			);
			runOnlyForDeploymentPostprocessing = 0;
		};
/* End PBXResourcesBuildPhase section */

/* Begin PBXSourcesBuildPhase section */
		D23E58CE29ADC08D00D17EA7 /* Sources */ = {
			isa = PBXSourcesBuildPhase;
			buildActionMask = 2147483647;
			files = (
				C98B30FA29DA029700EEF45C /* ChangePasswordController.swift in Sources */,
				C9D3A9C329B84A2F00817F16 /* RegisterController.swift in Sources */,
				1914B58629B82446002D08B4 /* ItemCell.swift in Sources */,
				35BC817429D15E150046C0EC /* PlaylistViewController.swift in Sources */,
				19AAF87B29D0D49200BDAB02 /* MyCollectionViewCell.swift in Sources */,
				C98B30F829D9E98100EEF45C /* SliderTableViewCell.swift in Sources */,
				D2EA8E3C29C514D60016E895 /* ReverbifyAPIHandler.swift in Sources */,
				D23E58E029ADC08D00D17EA7 /* Reverbify.xcdatamodeld in Sources */,
				D23E58DA29ADC08D00D17EA7 /* ViewController.swift in Sources */,
				D200038D29ADF4B0001F8105 /* LoginViewController.swift in Sources */,
				3586787029EDF1AC00F74610 /* AddSongToPlaylistViewController.swift in Sources */,
				3516876D29EDC61700245400 /* AddPlaylistViewController.swift in Sources */,
				D2DD3F2F29DF97B50025FA3F /* Song.swift in Sources */,
				D2DD3F3129DF98210025FA3F /* Playlist.swift in Sources */,
				D2DD3F5329EEBD850025FA3F /* SongPlayer.swift in Sources */,
				19AAF87D29D0D55200BDAB02 /* MyTableViewCell.swift in Sources */,
				C99B6D7729B7EFA9004864B5 /* SettingsController.swift in Sources */,
				D2EA8E3E29C5A9C70016E895 /* AllSongsController.swift in Sources */,
				C9BE070029B165C0006A6ABD /* AppDelegate.swift in Sources */,
				D2EA8E4529C6F2120016E895 /* SongTableCell.swift in Sources */,
				C98B30F629D9E97100EEF45C /* AccountTableViewCell.swift in Sources */,
				C98B30F229D8D40000EEF45C /* AllPlaylistsViewController.swift in Sources */,
				D23E58D829ADC08D00D17EA7 /* SceneDelegate.swift in Sources */,
				1944893429B6BC2700F9D215 /* HomePageViewController.swift in Sources */,
				19AAF87F29D0D5F000BDAB02 /* SongData.swift in Sources */,
				D2EA8E5B29CD0F240016E895 /* PlaySongController.swift in Sources */,
				D2EA8E1329B9C3DE0016E895 /* AddSongController.swift in Sources */,
			);
			runOnlyForDeploymentPostprocessing = 0;
		};
		D23E58E729ADC08F00D17EA7 /* Sources */ = {
			isa = PBXSourcesBuildPhase;
			buildActionMask = 2147483647;
			files = (
				D23E58F029ADC08F00D17EA7 /* ReverbifyTests.swift in Sources */,
			);
			runOnlyForDeploymentPostprocessing = 0;
		};
		D23E58F129ADC08F00D17EA7 /* Sources */ = {
			isa = PBXSourcesBuildPhase;
			buildActionMask = 2147483647;
			files = (
				D23E58FA29ADC08F00D17EA7 /* ReverbifyUITests.swift in Sources */,
				D23E58FC29ADC08F00D17EA7 /* ReverbifyUITestsLaunchTests.swift in Sources */,
			);
			runOnlyForDeploymentPostprocessing = 0;
		};
/* End PBXSourcesBuildPhase section */

/* Begin PBXTargetDependency section */
		D23E58ED29ADC08F00D17EA7 /* PBXTargetDependency */ = {
			isa = PBXTargetDependency;
			target = D23E58D129ADC08D00D17EA7 /* Reverbify */;
			targetProxy = D23E58EC29ADC08F00D17EA7 /* PBXContainerItemProxy */;
		};
		D23E58F729ADC08F00D17EA7 /* PBXTargetDependency */ = {
			isa = PBXTargetDependency;
			target = D23E58D129ADC08D00D17EA7 /* Reverbify */;
			targetProxy = D23E58F629ADC08F00D17EA7 /* PBXContainerItemProxy */;
		};
/* End PBXTargetDependency section */

/* Begin PBXVariantGroup section */
		D23E58DB29ADC08D00D17EA7 /* Main.storyboard */ = {
			isa = PBXVariantGroup;
			children = (
				D23E58DC29ADC08D00D17EA7 /* Base */,
			);
			name = Main.storyboard;
			sourceTree = "<group>";
		};
		D23E58E329ADC08F00D17EA7 /* LaunchScreen.storyboard */ = {
			isa = PBXVariantGroup;
			children = (
				D23E58E429ADC08F00D17EA7 /* Base */,
			);
			name = LaunchScreen.storyboard;
			sourceTree = "<group>";
		};
/* End PBXVariantGroup section */

/* Begin XCBuildConfiguration section */
		D23E58FD29ADC08F00D17EA7 /* Debug */ = {
			isa = XCBuildConfiguration;
			buildSettings = {
				ALWAYS_SEARCH_USER_PATHS = NO;
				CLANG_ANALYZER_NONNULL = YES;
				CLANG_ANALYZER_NUMBER_OBJECT_CONVERSION = YES_AGGRESSIVE;
				CLANG_CXX_LANGUAGE_STANDARD = "gnu++20";
				CLANG_ENABLE_MODULES = YES;
				CLANG_ENABLE_OBJC_ARC = YES;
				CLANG_ENABLE_OBJC_WEAK = YES;
				CLANG_WARN_BLOCK_CAPTURE_AUTORELEASING = YES;
				CLANG_WARN_BOOL_CONVERSION = YES;
				CLANG_WARN_COMMA = YES;
				CLANG_WARN_CONSTANT_CONVERSION = YES;
				CLANG_WARN_DEPRECATED_OBJC_IMPLEMENTATIONS = YES;
				CLANG_WARN_DIRECT_OBJC_ISA_USAGE = YES_ERROR;
				CLANG_WARN_DOCUMENTATION_COMMENTS = YES;
				CLANG_WARN_EMPTY_BODY = YES;
				CLANG_WARN_ENUM_CONVERSION = YES;
				CLANG_WARN_INFINITE_RECURSION = YES;
				CLANG_WARN_INT_CONVERSION = YES;
				CLANG_WARN_NON_LITERAL_NULL_CONVERSION = YES;
				CLANG_WARN_OBJC_IMPLICIT_RETAIN_SELF = YES;
				CLANG_WARN_OBJC_LITERAL_CONVERSION = YES;
				CLANG_WARN_OBJC_ROOT_CLASS = YES_ERROR;
				CLANG_WARN_QUOTED_INCLUDE_IN_FRAMEWORK_HEADER = YES;
				CLANG_WARN_RANGE_LOOP_ANALYSIS = YES;
				CLANG_WARN_STRICT_PROTOTYPES = YES;
				CLANG_WARN_SUSPICIOUS_MOVE = YES;
				CLANG_WARN_UNGUARDED_AVAILABILITY = YES_AGGRESSIVE;
				CLANG_WARN_UNREACHABLE_CODE = YES;
				CLANG_WARN__DUPLICATE_METHOD_MATCH = YES;
				COPY_PHASE_STRIP = NO;
				DEBUG_INFORMATION_FORMAT = dwarf;
				ENABLE_STRICT_OBJC_MSGSEND = YES;
				ENABLE_TESTABILITY = YES;
				GCC_C_LANGUAGE_STANDARD = gnu11;
				GCC_DYNAMIC_NO_PIC = NO;
				GCC_NO_COMMON_BLOCKS = YES;
				GCC_OPTIMIZATION_LEVEL = 0;
				GCC_PREPROCESSOR_DEFINITIONS = (
					"DEBUG=1",
					"$(inherited)",
				);
				GCC_WARN_64_TO_32_BIT_CONVERSION = YES;
				GCC_WARN_ABOUT_RETURN_TYPE = YES_ERROR;
				GCC_WARN_UNDECLARED_SELECTOR = YES;
				GCC_WARN_UNINITIALIZED_AUTOS = YES_AGGRESSIVE;
				GCC_WARN_UNUSED_FUNCTION = YES;
				GCC_WARN_UNUSED_VARIABLE = YES;
				IPHONEOS_DEPLOYMENT_TARGET = 16.2;
				MTL_ENABLE_DEBUG_INFO = INCLUDE_SOURCE;
				MTL_FAST_MATH = YES;
				ONLY_ACTIVE_ARCH = YES;
				SDKROOT = iphoneos;
				SWIFT_ACTIVE_COMPILATION_CONDITIONS = DEBUG;
				SWIFT_OPTIMIZATION_LEVEL = "-Onone";
			};
			name = Debug;
		};
		D23E58FE29ADC08F00D17EA7 /* Release */ = {
			isa = XCBuildConfiguration;
			buildSettings = {
				ALWAYS_SEARCH_USER_PATHS = NO;
				CLANG_ANALYZER_NONNULL = YES;
				CLANG_ANALYZER_NUMBER_OBJECT_CONVERSION = YES_AGGRESSIVE;
				CLANG_CXX_LANGUAGE_STANDARD = "gnu++20";
				CLANG_ENABLE_MODULES = YES;
				CLANG_ENABLE_OBJC_ARC = YES;
				CLANG_ENABLE_OBJC_WEAK = YES;
				CLANG_WARN_BLOCK_CAPTURE_AUTORELEASING = YES;
				CLANG_WARN_BOOL_CONVERSION = YES;
				CLANG_WARN_COMMA = YES;
				CLANG_WARN_CONSTANT_CONVERSION = YES;
				CLANG_WARN_DEPRECATED_OBJC_IMPLEMENTATIONS = YES;
				CLANG_WARN_DIRECT_OBJC_ISA_USAGE = YES_ERROR;
				CLANG_WARN_DOCUMENTATION_COMMENTS = YES;
				CLANG_WARN_EMPTY_BODY = YES;
				CLANG_WARN_ENUM_CONVERSION = YES;
				CLANG_WARN_INFINITE_RECURSION = YES;
				CLANG_WARN_INT_CONVERSION = YES;
				CLANG_WARN_NON_LITERAL_NULL_CONVERSION = YES;
				CLANG_WARN_OBJC_IMPLICIT_RETAIN_SELF = YES;
				CLANG_WARN_OBJC_LITERAL_CONVERSION = YES;
				CLANG_WARN_OBJC_ROOT_CLASS = YES_ERROR;
				CLANG_WARN_QUOTED_INCLUDE_IN_FRAMEWORK_HEADER = YES;
				CLANG_WARN_RANGE_LOOP_ANALYSIS = YES;
				CLANG_WARN_STRICT_PROTOTYPES = YES;
				CLANG_WARN_SUSPICIOUS_MOVE = YES;
				CLANG_WARN_UNGUARDED_AVAILABILITY = YES_AGGRESSIVE;
				CLANG_WARN_UNREACHABLE_CODE = YES;
				CLANG_WARN__DUPLICATE_METHOD_MATCH = YES;
				COPY_PHASE_STRIP = NO;
				DEBUG_INFORMATION_FORMAT = "dwarf-with-dsym";
				ENABLE_NS_ASSERTIONS = NO;
				ENABLE_STRICT_OBJC_MSGSEND = YES;
				GCC_C_LANGUAGE_STANDARD = gnu11;
				GCC_NO_COMMON_BLOCKS = YES;
				GCC_WARN_64_TO_32_BIT_CONVERSION = YES;
				GCC_WARN_ABOUT_RETURN_TYPE = YES_ERROR;
				GCC_WARN_UNDECLARED_SELECTOR = YES;
				GCC_WARN_UNINITIALIZED_AUTOS = YES_AGGRESSIVE;
				GCC_WARN_UNUSED_FUNCTION = YES;
				GCC_WARN_UNUSED_VARIABLE = YES;
				IPHONEOS_DEPLOYMENT_TARGET = 16.2;
				MTL_ENABLE_DEBUG_INFO = NO;
				MTL_FAST_MATH = YES;
				SDKROOT = iphoneos;
				SWIFT_COMPILATION_MODE = wholemodule;
				SWIFT_OPTIMIZATION_LEVEL = "-O";
				VALIDATE_PRODUCT = YES;
			};
			name = Release;
		};
		D23E590029ADC08F00D17EA7 /* Debug */ = {
			isa = XCBuildConfiguration;
			buildSettings = {
				ASSETCATALOG_COMPILER_APPICON_NAME = AppIcon;
				ASSETCATALOG_COMPILER_GLOBAL_ACCENT_COLOR_NAME = AccentColor;
				CODE_SIGN_ENTITLEMENTS = Reverbify/Reverbify.entitlements;
				CODE_SIGN_STYLE = Automatic;
				CURRENT_PROJECT_VERSION = 1;
				DEVELOPMENT_TEAM = D7898R5BD6;
				GENERATE_INFOPLIST_FILE = YES;
				INFOPLIST_FILE = Reverbify/Info.plist;
				INFOPLIST_KEY_UIApplicationSupportsIndirectInputEvents = YES;
				INFOPLIST_KEY_UILaunchStoryboardName = LaunchScreen;
				INFOPLIST_KEY_UIMainStoryboardFile = Main;
				INFOPLIST_KEY_UISupportedInterfaceOrientations_iPad = "UIInterfaceOrientationPortrait UIInterfaceOrientationPortraitUpsideDown UIInterfaceOrientationLandscapeLeft UIInterfaceOrientationLandscapeRight";
				INFOPLIST_KEY_UISupportedInterfaceOrientations_iPhone = "UIInterfaceOrientationPortrait UIInterfaceOrientationLandscapeLeft UIInterfaceOrientationLandscapeRight";
				LD_RUNPATH_SEARCH_PATHS = (
					"$(inherited)",
					"@executable_path/Frameworks",
				);
				MARKETING_VERSION = 1.0;
				PRODUCT_BUNDLE_IDENTIFIER = utcs.Reverbify;
				PRODUCT_NAME = "$(TARGET_NAME)";
				SWIFT_EMIT_LOC_STRINGS = YES;
				SWIFT_VERSION = 5.0;
				TARGETED_DEVICE_FAMILY = "1,2";
			};
			name = Debug;
		};
		D23E590129ADC08F00D17EA7 /* Release */ = {
			isa = XCBuildConfiguration;
			buildSettings = {
				ASSETCATALOG_COMPILER_APPICON_NAME = AppIcon;
				ASSETCATALOG_COMPILER_GLOBAL_ACCENT_COLOR_NAME = AccentColor;
				CODE_SIGN_ENTITLEMENTS = Reverbify/Reverbify.entitlements;
				CODE_SIGN_STYLE = Automatic;
				CURRENT_PROJECT_VERSION = 1;
				DEVELOPMENT_TEAM = D7898R5BD6;
				GENERATE_INFOPLIST_FILE = YES;
				INFOPLIST_FILE = Reverbify/Info.plist;
				INFOPLIST_KEY_UIApplicationSupportsIndirectInputEvents = YES;
				INFOPLIST_KEY_UILaunchStoryboardName = LaunchScreen;
				INFOPLIST_KEY_UIMainStoryboardFile = Main;
				INFOPLIST_KEY_UISupportedInterfaceOrientations_iPad = "UIInterfaceOrientationPortrait UIInterfaceOrientationPortraitUpsideDown UIInterfaceOrientationLandscapeLeft UIInterfaceOrientationLandscapeRight";
				INFOPLIST_KEY_UISupportedInterfaceOrientations_iPhone = "UIInterfaceOrientationPortrait UIInterfaceOrientationLandscapeLeft UIInterfaceOrientationLandscapeRight";
				LD_RUNPATH_SEARCH_PATHS = (
					"$(inherited)",
					"@executable_path/Frameworks",
				);
				MARKETING_VERSION = 1.0;
				PRODUCT_BUNDLE_IDENTIFIER = utcs.Reverbify;
				PRODUCT_NAME = "$(TARGET_NAME)";
				SWIFT_EMIT_LOC_STRINGS = YES;
				SWIFT_VERSION = 5.0;
				TARGETED_DEVICE_FAMILY = "1,2";
			};
			name = Release;
		};
		D23E590329ADC08F00D17EA7 /* Debug */ = {
			isa = XCBuildConfiguration;
			buildSettings = {
				ALWAYS_EMBED_SWIFT_STANDARD_LIBRARIES = YES;
				BUNDLE_LOADER = "$(TEST_HOST)";
				CODE_SIGN_STYLE = Automatic;
				CURRENT_PROJECT_VERSION = 1;
				DEVELOPMENT_TEAM = 8SXGRXKG4G;
				GENERATE_INFOPLIST_FILE = YES;
				IPHONEOS_DEPLOYMENT_TARGET = 16.2;
				MARKETING_VERSION = 1.0;
				PRODUCT_BUNDLE_IDENTIFIER = utcs.ReverbifyTests;
				PRODUCT_NAME = "$(TARGET_NAME)";
				SWIFT_EMIT_LOC_STRINGS = NO;
				SWIFT_VERSION = 5.0;
				TARGETED_DEVICE_FAMILY = "1,2";
				TEST_HOST = "$(BUILT_PRODUCTS_DIR)/Reverbify.app/$(BUNDLE_EXECUTABLE_FOLDER_PATH)/Reverbify";
			};
			name = Debug;
		};
		D23E590429ADC08F00D17EA7 /* Release */ = {
			isa = XCBuildConfiguration;
			buildSettings = {
				ALWAYS_EMBED_SWIFT_STANDARD_LIBRARIES = YES;
				BUNDLE_LOADER = "$(TEST_HOST)";
				CODE_SIGN_STYLE = Automatic;
				CURRENT_PROJECT_VERSION = 1;
				DEVELOPMENT_TEAM = 8SXGRXKG4G;
				GENERATE_INFOPLIST_FILE = YES;
				IPHONEOS_DEPLOYMENT_TARGET = 16.2;
				MARKETING_VERSION = 1.0;
				PRODUCT_BUNDLE_IDENTIFIER = utcs.ReverbifyTests;
				PRODUCT_NAME = "$(TARGET_NAME)";
				SWIFT_EMIT_LOC_STRINGS = NO;
				SWIFT_VERSION = 5.0;
				TARGETED_DEVICE_FAMILY = "1,2";
				TEST_HOST = "$(BUILT_PRODUCTS_DIR)/Reverbify.app/$(BUNDLE_EXECUTABLE_FOLDER_PATH)/Reverbify";
			};
			name = Release;
		};
		D23E590629ADC08F00D17EA7 /* Debug */ = {
			isa = XCBuildConfiguration;
			buildSettings = {
				ALWAYS_EMBED_SWIFT_STANDARD_LIBRARIES = YES;
				CODE_SIGN_STYLE = Automatic;
				CURRENT_PROJECT_VERSION = 1;
				DEVELOPMENT_TEAM = 8SXGRXKG4G;
				GENERATE_INFOPLIST_FILE = YES;
				MARKETING_VERSION = 1.0;
				PRODUCT_BUNDLE_IDENTIFIER = utcs.ReverbifyUITests;
				PRODUCT_NAME = "$(TARGET_NAME)";
				SWIFT_EMIT_LOC_STRINGS = NO;
				SWIFT_VERSION = 5.0;
				TARGETED_DEVICE_FAMILY = "1,2";
				TEST_TARGET_NAME = Reverbify;
			};
			name = Debug;
		};
		D23E590729ADC08F00D17EA7 /* Release */ = {
			isa = XCBuildConfiguration;
			buildSettings = {
				ALWAYS_EMBED_SWIFT_STANDARD_LIBRARIES = YES;
				CODE_SIGN_STYLE = Automatic;
				CURRENT_PROJECT_VERSION = 1;
				DEVELOPMENT_TEAM = 8SXGRXKG4G;
				GENERATE_INFOPLIST_FILE = YES;
				MARKETING_VERSION = 1.0;
				PRODUCT_BUNDLE_IDENTIFIER = utcs.ReverbifyUITests;
				PRODUCT_NAME = "$(TARGET_NAME)";
				SWIFT_EMIT_LOC_STRINGS = NO;
				SWIFT_VERSION = 5.0;
				TARGETED_DEVICE_FAMILY = "1,2";
				TEST_TARGET_NAME = Reverbify;
			};
			name = Release;
		};
/* End XCBuildConfiguration section */

/* Begin XCConfigurationList section */
		D23E58CD29ADC08D00D17EA7 /* Build configuration list for PBXProject "Reverbify" */ = {
			isa = XCConfigurationList;
			buildConfigurations = (
				D23E58FD29ADC08F00D17EA7 /* Debug */,
				D23E58FE29ADC08F00D17EA7 /* Release */,
			);
			defaultConfigurationIsVisible = 0;
			defaultConfigurationName = Release;
		};
		D23E58FF29ADC08F00D17EA7 /* Build configuration list for PBXNativeTarget "Reverbify" */ = {
			isa = XCConfigurationList;
			buildConfigurations = (
				D23E590029ADC08F00D17EA7 /* Debug */,
				D23E590129ADC08F00D17EA7 /* Release */,
			);
			defaultConfigurationIsVisible = 0;
			defaultConfigurationName = Release;
		};
		D23E590229ADC08F00D17EA7 /* Build configuration list for PBXNativeTarget "ReverbifyTests" */ = {
			isa = XCConfigurationList;
			buildConfigurations = (
				D23E590329ADC08F00D17EA7 /* Debug */,
				D23E590429ADC08F00D17EA7 /* Release */,
			);
			defaultConfigurationIsVisible = 0;
			defaultConfigurationName = Release;
		};
		D23E590529ADC08F00D17EA7 /* Build configuration list for PBXNativeTarget "ReverbifyUITests" */ = {
			isa = XCConfigurationList;
			buildConfigurations = (
				D23E590629ADC08F00D17EA7 /* Debug */,
				D23E590729ADC08F00D17EA7 /* Release */,
			);
			defaultConfigurationIsVisible = 0;
			defaultConfigurationName = Release;
		};
/* End XCConfigurationList section */

/* Begin XCRemoteSwiftPackageReference section */
		C92E55AB29B105290032428B /* XCRemoteSwiftPackageReference "firebase-ios-sdk" */ = {
			isa = XCRemoteSwiftPackageReference;
			repositoryURL = "https://github.com/firebase/firebase-ios-sdk";
			requirement = {
				kind = upToNextMajorVersion;
				minimumVersion = 9.0.0;
			};
		};
/* End XCRemoteSwiftPackageReference section */

/* Begin XCSwiftPackageProductDependency section */
		C92E55AC29B105290032428B /* FirebaseAnalytics */ = {
			isa = XCSwiftPackageProductDependency;
			package = C92E55AB29B105290032428B /* XCRemoteSwiftPackageReference "firebase-ios-sdk" */;
			productName = FirebaseAnalytics;
		};
		C92E55AE29B105290032428B /* FirebaseAnalyticsOnDeviceConversion */ = {
			isa = XCSwiftPackageProductDependency;
			package = C92E55AB29B105290032428B /* XCRemoteSwiftPackageReference "firebase-ios-sdk" */;
			productName = FirebaseAnalyticsOnDeviceConversion;
		};
		C92E55B029B105290032428B /* FirebaseAnalyticsSwift */ = {
			isa = XCSwiftPackageProductDependency;
			package = C92E55AB29B105290032428B /* XCRemoteSwiftPackageReference "firebase-ios-sdk" */;
			productName = FirebaseAnalyticsSwift;
		};
		C92E55B229B105290032428B /* FirebaseAnalyticsWithoutAdIdSupport */ = {
			isa = XCSwiftPackageProductDependency;
			package = C92E55AB29B105290032428B /* XCRemoteSwiftPackageReference "firebase-ios-sdk" */;
			productName = FirebaseAnalyticsWithoutAdIdSupport;
		};
		C92E55B429B105290032428B /* FirebaseAppCheck */ = {
			isa = XCSwiftPackageProductDependency;
			package = C92E55AB29B105290032428B /* XCRemoteSwiftPackageReference "firebase-ios-sdk" */;
			productName = FirebaseAppCheck;
		};
		C92E55B629B105290032428B /* FirebaseAppDistribution-Beta */ = {
			isa = XCSwiftPackageProductDependency;
			package = C92E55AB29B105290032428B /* XCRemoteSwiftPackageReference "firebase-ios-sdk" */;
			productName = "FirebaseAppDistribution-Beta";
		};
		C92E55B829B105290032428B /* FirebaseAuth */ = {
			isa = XCSwiftPackageProductDependency;
			package = C92E55AB29B105290032428B /* XCRemoteSwiftPackageReference "firebase-ios-sdk" */;
			productName = FirebaseAuth;
		};
		C92E55BA29B105290032428B /* FirebaseAuthCombine-Community */ = {
			isa = XCSwiftPackageProductDependency;
			package = C92E55AB29B105290032428B /* XCRemoteSwiftPackageReference "firebase-ios-sdk" */;
			productName = "FirebaseAuthCombine-Community";
		};
		C92E55BC29B105290032428B /* FirebaseCrashlytics */ = {
			isa = XCSwiftPackageProductDependency;
			package = C92E55AB29B105290032428B /* XCRemoteSwiftPackageReference "firebase-ios-sdk" */;
			productName = FirebaseCrashlytics;
		};
		C92E55BE29B105290032428B /* FirebaseDatabase */ = {
			isa = XCSwiftPackageProductDependency;
			package = C92E55AB29B105290032428B /* XCRemoteSwiftPackageReference "firebase-ios-sdk" */;
			productName = FirebaseDatabase;
		};
		C92E55C029B105290032428B /* FirebaseDatabaseSwift */ = {
			isa = XCSwiftPackageProductDependency;
			package = C92E55AB29B105290032428B /* XCRemoteSwiftPackageReference "firebase-ios-sdk" */;
			productName = FirebaseDatabaseSwift;
		};
		C92E55C229B105290032428B /* FirebaseDynamicLinks */ = {
			isa = XCSwiftPackageProductDependency;
			package = C92E55AB29B105290032428B /* XCRemoteSwiftPackageReference "firebase-ios-sdk" */;
			productName = FirebaseDynamicLinks;
		};
		C92E55C429B105290032428B /* FirebaseFirestore */ = {
			isa = XCSwiftPackageProductDependency;
			package = C92E55AB29B105290032428B /* XCRemoteSwiftPackageReference "firebase-ios-sdk" */;
			productName = FirebaseFirestore;
		};
		C92E55C629B105290032428B /* FirebaseFirestoreCombine-Community */ = {
			isa = XCSwiftPackageProductDependency;
			package = C92E55AB29B105290032428B /* XCRemoteSwiftPackageReference "firebase-ios-sdk" */;
			productName = "FirebaseFirestoreCombine-Community";
		};
		C92E55C829B105290032428B /* FirebaseFirestoreSwift */ = {
			isa = XCSwiftPackageProductDependency;
			package = C92E55AB29B105290032428B /* XCRemoteSwiftPackageReference "firebase-ios-sdk" */;
			productName = FirebaseFirestoreSwift;
		};
		C92E55CA29B105290032428B /* FirebaseFunctions */ = {
			isa = XCSwiftPackageProductDependency;
			package = C92E55AB29B105290032428B /* XCRemoteSwiftPackageReference "firebase-ios-sdk" */;
			productName = FirebaseFunctions;
		};
		C92E55CC29B105290032428B /* FirebaseFunctionsCombine-Community */ = {
			isa = XCSwiftPackageProductDependency;
			package = C92E55AB29B105290032428B /* XCRemoteSwiftPackageReference "firebase-ios-sdk" */;
			productName = "FirebaseFunctionsCombine-Community";
		};
		C92E55CE29B105290032428B /* FirebaseInAppMessaging-Beta */ = {
			isa = XCSwiftPackageProductDependency;
			package = C92E55AB29B105290032428B /* XCRemoteSwiftPackageReference "firebase-ios-sdk" */;
			productName = "FirebaseInAppMessaging-Beta";
		};
		C92E55D029B105290032428B /* FirebaseInAppMessagingSwift-Beta */ = {
			isa = XCSwiftPackageProductDependency;
			package = C92E55AB29B105290032428B /* XCRemoteSwiftPackageReference "firebase-ios-sdk" */;
			productName = "FirebaseInAppMessagingSwift-Beta";
		};
		C92E55D229B105290032428B /* FirebaseInstallations */ = {
			isa = XCSwiftPackageProductDependency;
			package = C92E55AB29B105290032428B /* XCRemoteSwiftPackageReference "firebase-ios-sdk" */;
			productName = FirebaseInstallations;
		};
		C92E55D429B105290032428B /* FirebaseMLModelDownloader */ = {
			isa = XCSwiftPackageProductDependency;
			package = C92E55AB29B105290032428B /* XCRemoteSwiftPackageReference "firebase-ios-sdk" */;
			productName = FirebaseMLModelDownloader;
		};
		C92E55D629B105290032428B /* FirebaseMessaging */ = {
			isa = XCSwiftPackageProductDependency;
			package = C92E55AB29B105290032428B /* XCRemoteSwiftPackageReference "firebase-ios-sdk" */;
			productName = FirebaseMessaging;
		};
		C92E55D829B105290032428B /* FirebasePerformance */ = {
			isa = XCSwiftPackageProductDependency;
			package = C92E55AB29B105290032428B /* XCRemoteSwiftPackageReference "firebase-ios-sdk" */;
			productName = FirebasePerformance;
		};
		C92E55DA29B105290032428B /* FirebaseRemoteConfig */ = {
			isa = XCSwiftPackageProductDependency;
			package = C92E55AB29B105290032428B /* XCRemoteSwiftPackageReference "firebase-ios-sdk" */;
			productName = FirebaseRemoteConfig;
		};
		C92E55DC29B105290032428B /* FirebaseRemoteConfigSwift */ = {
			isa = XCSwiftPackageProductDependency;
			package = C92E55AB29B105290032428B /* XCRemoteSwiftPackageReference "firebase-ios-sdk" */;
			productName = FirebaseRemoteConfigSwift;
		};
		C92E55DE29B105290032428B /* FirebaseStorage */ = {
			isa = XCSwiftPackageProductDependency;
			package = C92E55AB29B105290032428B /* XCRemoteSwiftPackageReference "firebase-ios-sdk" */;
			productName = FirebaseStorage;
		};
		C92E55E029B105290032428B /* FirebaseStorageCombine-Community */ = {
			isa = XCSwiftPackageProductDependency;
			package = C92E55AB29B105290032428B /* XCRemoteSwiftPackageReference "firebase-ios-sdk" */;
			productName = "FirebaseStorageCombine-Community";
		};
/* End XCSwiftPackageProductDependency section */

/* Begin XCVersionGroup section */
		D23E58DE29ADC08D00D17EA7 /* Reverbify.xcdatamodeld */ = {
			isa = XCVersionGroup;
			children = (
				D23E58DF29ADC08D00D17EA7 /* Reverbify.xcdatamodel */,
			);
			currentVersion = D23E58DF29ADC08D00D17EA7 /* Reverbify.xcdatamodel */;
			path = Reverbify.xcdatamodeld;
			sourceTree = "<group>";
			versionGroupType = wrapper.xcdatamodel;
		};
/* End XCVersionGroup section */
	};
	rootObject = D23E58CA29ADC08D00D17EA7 /* Project object */;
}
